# This file is generated by running "yarn install" inside your project.
# Manual changes might be lost - proceed with caution!

__metadata:
  version: 4

"@sls-next/domain@workspace:.":
  version: 0.0.0-use.local
  resolution: "@sls-next/domain@workspace:."
  peerDependencies:
    "@serverless/core": ^1.1.2
    aws-sdk: ^2.702.0
  languageName: unknown
  linkType: soft
