# THIS IS AN AUTOGENERATED FILE. DO NOT EDIT THIS FILE DIRECTLY.
# yarn lockfile v1


"@aws-cdk/assert@^1.56.0":
  version "1.56.0"
  resolved "https://registry.npmjs.org/@aws-cdk/assert/-/assert-1.56.0.tgz#781fab8de8c97c3dcedf5b204b94f6d84a32d40d"
  integrity sha512-bhFwl4xD+svvdJvSlJgKcv/IsTMUXOeLIPVzXcFRGWegBzwVCmhQmtpEhptUfyIGJEe1SSlgWdja6PvS+w2EuQ==
  dependencies:
    "@aws-cdk/cloud-assembly-schema" "1.56.0"
    "@aws-cdk/cloudformation-diff" "1.56.0"
    "@aws-cdk/core" "1.56.0"
    "@aws-cdk/cx-api" "1.56.0"
    constructs "^3.0.2"

"@aws-cdk/assets@1.56.0":
  version "1.56.0"
  resolved "https://registry.npmjs.org/@aws-cdk/assets/-/assets-1.56.0.tgz#4508ca36c6e3bffba7a8fe74a6933646b297f218"
  integrity sha512-hCV/kVI0Q1gjUDUZpAzcrx5cjO8GMvh+gE6P8aqRF8Ac1hmEIq2K8Ae38WI9cwRa1+AMXwz+Ug/zB9p2JrDN2w==
  dependencies:
    "@aws-cdk/core" "1.56.0"
    "@aws-cdk/cx-api" "1.56.0"
    constructs "^3.0.2"

"@aws-cdk/aws-certificatemanager@1.56.0":
  version "1.56.0"
  resolved "https://registry.npmjs.org/@aws-cdk/aws-certificatemanager/-/aws-certificatemanager-1.56.0.tgz#7048fc4e0a9a638316d9ab8669ea08c255f0bf2b"
  integrity sha512-Y0vWHTgaWpJcM5etPvV6FR4qGRMsZ4JsUyAeJi0+qboTJIxqmSjn3Z4se+zXkT7yS+xt11x+zcTZ3STw6q3fCw==
  dependencies:
    "@aws-cdk/aws-iam" "1.56.0"
    "@aws-cdk/aws-lambda" "1.56.0"
    "@aws-cdk/aws-route53" "1.56.0"
    "@aws-cdk/core" "1.56.0"
    constructs "^3.0.2"

"@aws-cdk/aws-cloudfront@^1.56.0":
  version "1.56.0"
  resolved "https://registry.npmjs.org/@aws-cdk/aws-cloudfront/-/aws-cloudfront-1.56.0.tgz#189d0981b14dc8173e5852c7a074a1f40f1d5045"
  integrity sha512-JLVNW3HvuRcp2RQTSIPIddeQbd5zTFiFd4dlSKRsIruL1l0B473NUWevcqEeLNxipphc8s6VChVP4NRoCHDvUg==
  dependencies:
    "@aws-cdk/aws-certificatemanager" "1.56.0"
    "@aws-cdk/aws-iam" "1.56.0"
    "@aws-cdk/aws-kms" "1.56.0"
    "@aws-cdk/aws-lambda" "1.56.0"
    "@aws-cdk/aws-s3" "1.56.0"
    "@aws-cdk/core" "1.56.0"
    constructs "^3.0.2"

"@aws-cdk/aws-cloudwatch@1.56.0":
  version "1.56.0"
  resolved "https://registry.npmjs.org/@aws-cdk/aws-cloudwatch/-/aws-cloudwatch-1.56.0.tgz#7b9f8502a37e88a8f31aa378c897efa7d112317c"
  integrity sha512-FQ+4eqXMZoylRa0yOVjYIgZZ2o+z03eevQvH4DgEkNym3ywckX1zek7RF4FqYmBrhVW5SSL/+bMxXrD9IX6q5g==
  dependencies:
    "@aws-cdk/aws-iam" "1.56.0"
    "@aws-cdk/core" "1.56.0"
    constructs "^3.0.2"

"@aws-cdk/aws-codeguruprofiler@1.56.0":
  version "1.56.0"
  resolved "https://registry.npmjs.org/@aws-cdk/aws-codeguruprofiler/-/aws-codeguruprofiler-1.56.0.tgz#684d43362ced4388ac38052cc4372c0f317f6e5a"
  integrity sha512-kUMZy1WhkVHvA4wKwzdqOG+F27vO7zZeBiDIa6DUigI2PD1RBVtzBLJ7YLw91WzfuE7XDoxKaryMwnmHy8bm5Q==
  dependencies:
    "@aws-cdk/aws-iam" "1.56.0"
    "@aws-cdk/core" "1.56.0"

"@aws-cdk/aws-ec2@1.56.0":
  version "1.56.0"
  resolved "https://registry.npmjs.org/@aws-cdk/aws-ec2/-/aws-ec2-1.56.0.tgz#b210f564b8ca23bddf27f62eaa40cc4403bc86e2"
  integrity sha512-lJ0hOg56qONHBJnxUQBBEVwhL6eeTxgxL6HpZCt9HuCyPeqypz4g5+4ebQrJ2e0iHIWwBrXYRzT4/ZTQO1446w==
  dependencies:
    "@aws-cdk/aws-cloudwatch" "1.56.0"
    "@aws-cdk/aws-iam" "1.56.0"
    "@aws-cdk/aws-kms" "1.56.0"
    "@aws-cdk/aws-logs" "1.56.0"
    "@aws-cdk/aws-s3" "1.56.0"
    "@aws-cdk/aws-ssm" "1.56.0"
    "@aws-cdk/cloud-assembly-schema" "1.56.0"
    "@aws-cdk/core" "1.56.0"
    "@aws-cdk/cx-api" "1.56.0"
    "@aws-cdk/region-info" "1.56.0"
    constructs "^3.0.2"

"@aws-cdk/aws-efs@1.56.0":
  version "1.56.0"
  resolved "https://registry.npmjs.org/@aws-cdk/aws-efs/-/aws-efs-1.56.0.tgz#b25c4992a98a40e8e19b83e52e33da57e5cf1811"
  integrity sha512-rSVF96QLGvPTCI8D2P+bexPKrXWFjTupbf3sCXh6n7vIF13y6qHnzicOBcudCCNZ/QznuU6ah1zx4j/KnTz97A==
  dependencies:
    "@aws-cdk/aws-ec2" "1.56.0"
    "@aws-cdk/aws-kms" "1.56.0"
    "@aws-cdk/cloud-assembly-schema" "1.56.0"
    "@aws-cdk/core" "1.56.0"
    "@aws-cdk/cx-api" "1.56.0"
    constructs "^3.0.2"

"@aws-cdk/aws-events@1.56.0":
  version "1.56.0"
  resolved "https://registry.npmjs.org/@aws-cdk/aws-events/-/aws-events-1.56.0.tgz#e77af3a237fb2bf4d26f845d33dc4594ef42ceef"
  integrity sha512-jks9istBkiikzk3D+3tv2MgCSOKU7pQVNdRMPW1lE3hwUeUPSOa3pSrxiPsQburPznQq7m21A4Qp2sWVFDcK9g==
  dependencies:
    "@aws-cdk/aws-iam" "1.56.0"
    "@aws-cdk/core" "1.56.0"
    constructs "^3.0.2"

"@aws-cdk/aws-iam@1.56.0":
  version "1.56.0"
  resolved "https://registry.npmjs.org/@aws-cdk/aws-iam/-/aws-iam-1.56.0.tgz#e823d3914045ed5bb117714226045adb44e2260a"
  integrity sha512-oNSJSnNY25IKIn37D71qeDTIN2SMXZ11fruIC40wQE1pTncj/sgyLlE8XfNZ7H20ozDZiSMYZE7OS5x4BEQUJg==
  dependencies:
    "@aws-cdk/core" "1.56.0"
    "@aws-cdk/region-info" "1.56.0"
    constructs "^3.0.2"

"@aws-cdk/aws-kms@1.56.0":
  version "1.56.0"
  resolved "https://registry.npmjs.org/@aws-cdk/aws-kms/-/aws-kms-1.56.0.tgz#b94e203d44b42091b7a574b602587ac72a73c026"
  integrity sha512-ay2OWsvbBvTI0jCwfQP0yQsiEFbAyyXBEhLmlMVpD9A/K9y/9iQKxSXpxWrXQu8U/Yt+llIZyBlgo+dwjU9W8g==
  dependencies:
    "@aws-cdk/aws-iam" "1.56.0"
    "@aws-cdk/core" "1.56.0"
    constructs "^3.0.2"

"@aws-cdk/aws-lambda@1.56.0", "@aws-cdk/aws-lambda@^1.56.0":
  version "1.56.0"
  resolved "https://registry.npmjs.org/@aws-cdk/aws-lambda/-/aws-lambda-1.56.0.tgz#da203f28fc283012311a646c1fa7305810f641ea"
  integrity sha512-ZPsmbPdUOusaeuUqYFKhLdpGzQM7DIuWrznUNBYFt2GQuyO78N4U09Wv6rPuKWI1PNumnAH2DZkhvXSII5ukdw==
  dependencies:
    "@aws-cdk/aws-cloudwatch" "1.56.0"
    "@aws-cdk/aws-codeguruprofiler" "1.56.0"
    "@aws-cdk/aws-ec2" "1.56.0"
    "@aws-cdk/aws-efs" "1.56.0"
    "@aws-cdk/aws-events" "1.56.0"
    "@aws-cdk/aws-iam" "1.56.0"
    "@aws-cdk/aws-logs" "1.56.0"
    "@aws-cdk/aws-s3" "1.56.0"
    "@aws-cdk/aws-s3-assets" "1.56.0"
    "@aws-cdk/aws-sqs" "1.56.0"
    "@aws-cdk/core" "1.56.0"
    "@aws-cdk/cx-api" "1.56.0"
    constructs "^3.0.2"

"@aws-cdk/aws-logs@1.56.0":
  version "1.56.0"
  resolved "https://registry.npmjs.org/@aws-cdk/aws-logs/-/aws-logs-1.56.0.tgz#83dfe758f54f36b33babef3f2b2d40872a9c9e26"
  integrity sha512-7X+XTt+3sqLWOuBlAweDZGkg3lt8yuC/IZl40GdzB2/Hy9jjPtUmMzWoZQh5kLZpZiT5D/yhMMpGS7/rBe57/g==
  dependencies:
    "@aws-cdk/aws-cloudwatch" "1.56.0"
    "@aws-cdk/aws-iam" "1.56.0"
    "@aws-cdk/core" "1.56.0"
    constructs "^3.0.2"

"@aws-cdk/aws-route53@1.56.0":
  version "1.56.0"
  resolved "https://registry.npmjs.org/@aws-cdk/aws-route53/-/aws-route53-1.56.0.tgz#41237103dead2424c3c67cdb2d4426b5c9b0edfa"
  integrity sha512-+KopSNi5iZ5aeqiypuWEr96STPD/BP58DK4O0pfMySo34XK6iwUoO1vUqNWYpv60behrkQHWYUKhfEMfbFfULw==
  dependencies:
    "@aws-cdk/aws-ec2" "1.56.0"
    "@aws-cdk/aws-logs" "1.56.0"
    "@aws-cdk/cloud-assembly-schema" "1.56.0"
    "@aws-cdk/core" "1.56.0"
    constructs "^3.0.2"

"@aws-cdk/aws-s3-assets@1.56.0":
  version "1.56.0"
  resolved "https://registry.npmjs.org/@aws-cdk/aws-s3-assets/-/aws-s3-assets-1.56.0.tgz#18257f20bae51acffd97e19d8242b4ae6b646f53"
  integrity sha512-UzPEry76HxUAjscFtPhnPU1Aza45nz4mIm3xQ+46ryHNaxfMCBy3cCIovBufg7Rgl98e6ak7bghh3g+d+8rK+g==
  dependencies:
    "@aws-cdk/assets" "1.56.0"
    "@aws-cdk/aws-iam" "1.56.0"
    "@aws-cdk/aws-kms" "1.56.0"
    "@aws-cdk/aws-s3" "1.56.0"
    "@aws-cdk/core" "1.56.0"
    "@aws-cdk/cx-api" "1.56.0"
    constructs "^3.0.2"

"@aws-cdk/aws-s3@1.56.0", "@aws-cdk/aws-s3@^1.56.0":
  version "1.56.0"
  resolved "https://registry.npmjs.org/@aws-cdk/aws-s3/-/aws-s3-1.56.0.tgz#ac9719ae0e865e039f8728d24f4d297e5f1d60ee"
  integrity sha512-GY6DuddT4rfG0/DAYfF/XhUPPwB3rTe9NYyqzMltzkvcUm/TVMAi1Js52Bg8QP65oNUVkDwTeySiJoINazSjIA==
  dependencies:
    "@aws-cdk/aws-events" "1.56.0"
    "@aws-cdk/aws-iam" "1.56.0"
    "@aws-cdk/aws-kms" "1.56.0"
    "@aws-cdk/core" "1.56.0"
    constructs "^3.0.2"

"@aws-cdk/aws-sqs@1.56.0":
  version "1.56.0"
  resolved "https://registry.npmjs.org/@aws-cdk/aws-sqs/-/aws-sqs-1.56.0.tgz#04ff1a0003054493cff4869a7e198b2b4986af62"
  integrity sha512-vhhXZBZvWlt8kwOyVsGqyZvJmiDpTzekoZVGavh80UOmXQvK2WWZZeKFY8RNGasIRdGUm8wjNNwqGm8ctsl8/w==
  dependencies:
    "@aws-cdk/aws-cloudwatch" "1.56.0"
    "@aws-cdk/aws-iam" "1.56.0"
    "@aws-cdk/aws-kms" "1.56.0"
    "@aws-cdk/core" "1.56.0"
    constructs "^3.0.2"

"@aws-cdk/aws-ssm@1.56.0":
  version "1.56.0"
  resolved "https://registry.npmjs.org/@aws-cdk/aws-ssm/-/aws-ssm-1.56.0.tgz#8e6490340621711778c0fcd8fd82eb96f74868fd"
  integrity sha512-lG45TVNvIkhdFq4Nmr9a3M/23BWhhGt4ciCpDh6LxWehIxERKYBw2KE1Jl0NSiXYfNzqNh8hitm0zQIAIOTP/g==
  dependencies:
    "@aws-cdk/aws-iam" "1.56.0"
    "@aws-cdk/aws-kms" "1.56.0"
    "@aws-cdk/cloud-assembly-schema" "1.56.0"
    "@aws-cdk/core" "1.56.0"
    constructs "^3.0.2"

"@aws-cdk/cfnspec@1.56.0":
  version "1.56.0"
  resolved "https://registry.npmjs.org/@aws-cdk/cfnspec/-/cfnspec-1.56.0.tgz#54d29eee2fcb33c1432ca7287f90f89c4aa73b9a"
  integrity sha512-6bzVJX+RzcOoAAiPI1oE7lW1mLtm486QhkpEnyQefq136KqEINjYDCjH82KZJ5EbyJW7vYaxSqlH7u/Twp20bQ==
  dependencies:
    md5 "^2.2.1"

"@aws-cdk/cloud-assembly-schema@1.56.0":
  version "1.56.0"
  resolved "https://registry.npmjs.org/@aws-cdk/cloud-assembly-schema/-/cloud-assembly-schema-1.56.0.tgz#b2b3cb687ead39ab8cecfaac6a4bee14666d6abc"
  integrity sha512-QLuUOoEzrTyiBbPue1QzMmMLjh6FjuD6dIPJ1O81jPpBuIYiAN7MXzXQ9+4gqM0UrnMpSzB8DW2joENDPtJgFg==
  dependencies:
    jsonschema "^1.2.5"
    semver "^7.2.2"

"@aws-cdk/cloudformation-diff@1.56.0":
  version "1.56.0"
  resolved "https://registry.npmjs.org/@aws-cdk/cloudformation-diff/-/cloudformation-diff-1.56.0.tgz#7af2e2d7c757ad7f69a7536ae6ccf89bd18ba26a"
  integrity sha512-JVLL3e6uhHknu9WW8TtYMmX/OGxU9Cee3Sfzh1K10rND6VYsrteSuCpkiVJOnSuNgNXAABw7/5oNRBNgKotgNw==
  dependencies:
    "@aws-cdk/cfnspec" "1.56.0"
    colors "^1.4.0"
    diff "^4.0.2"
    fast-deep-equal "^3.1.3"
    string-width "^4.2.0"
    table "^5.4.6"

"@aws-cdk/core@1.56.0", "@aws-cdk/core@^1.56.0":
  version "1.56.0"
  resolved "https://registry.npmjs.org/@aws-cdk/core/-/core-1.56.0.tgz#499bf691a9937f5f5dfb2b83330fc3f9d9294662"
  integrity sha512-MeImBUTbU8ipZAC6gYQHfJRXH+63XD1VBv9g1AO5GpERKHOZ58qiBroQOkVWD5/u+iasXJ7JSC9JKUBC/+2PlQ==
  dependencies:
    "@aws-cdk/cloud-assembly-schema" "1.56.0"
    "@aws-cdk/cx-api" "1.56.0"
    constructs "^3.0.2"
    fs-extra "^9.0.1"
    minimatch "^3.0.4"

"@aws-cdk/cx-api@1.56.0":
  version "1.56.0"
  resolved "https://registry.npmjs.org/@aws-cdk/cx-api/-/cx-api-1.56.0.tgz#36bf05de73d26ecc69054855f238beaf0bf2a482"
  integrity sha512-IuBmbz025AnuYAKv+ZOvnRV7Wwa/wdCiqiJ3BlVEqPsdvE4ZUMJTqLTY25ho5VT07o8Z/iQg7M6dRs9ccVC9Dw==
  dependencies:
    "@aws-cdk/cloud-assembly-schema" "1.56.0"
    semver "^7.2.2"

"@aws-cdk/region-info@1.56.0":
  version "1.56.0"
  resolved "https://registry.npmjs.org/@aws-cdk/region-info/-/region-info-1.56.0.tgz#2ae5ba607d23f42ba0343304a941a430ba333c98"
  integrity sha512-EIX4RQeUGkyIc2leWqtL1Lpjl/jg2p30ngDXyFfW7j1myS+9rtDFpry6wf/vL8e4v/lluuGIJKHTWbNBaUl/hA==

ajv@^6.10.2:
  version "6.12.3"
  resolved "https://registry.npmjs.org/ajv/-/ajv-6.12.3.tgz#18c5af38a111ddeb4f2697bd78d68abc1cabd706"
  integrity sha512-4K0cK3L1hsqk9xIb2z9vs/XU+PGJZ9PNpJRDS9YLzmNdX6jmVPfamLvTJr0aDAusnHyCHO6MjzlkAsgtqp9teA==
  dependencies:
    fast-deep-equal "^3.1.1"
    fast-json-stable-stringify "^2.0.0"
    json-schema-traverse "^0.4.1"
    uri-js "^4.2.2"

ansi-regex@^4.1.0:
  version "4.1.0"
  resolved "https://registry.npmjs.org/ansi-regex/-/ansi-regex-4.1.0.tgz#8b9f8f08cf1acb843756a839ca8c7e3168c51997"
  integrity sha512-1apePfXM1UOSqw0o9IiFAovVz9M5S1Dg+4TrDwfMewQ6p/rmMueb7tWZjQ1rx4Loy1ArBggoqGpfqqdI4rondg==

ansi-regex@^5.0.0:
  version "5.0.0"
  resolved "https://registry.npmjs.org/ansi-regex/-/ansi-regex-5.0.0.tgz#388539f55179bf39339c81af30a654d69f87cb75"
  integrity sha512-bY6fj56OUQ0hU1KjFNDQuJFezqKdrAyFdIevADiqrWHwSlbmBNMHp5ak2f40Pm8JTFyM2mqxkG6ngkHO11f/lg==

ansi-styles@^3.2.0:
  version "3.2.1"
  resolved "https://registry.npmjs.org/ansi-styles/-/ansi-styles-3.2.1.tgz#41fbb20243e50b12be0f04b8dedbf07520ce841d"
  integrity sha512-VT0ZI6kZRdTh8YyJw3SMbYm/u+NqfsAxEpWO0Pf9sq8/e94WxxOpPKx9FR1FlyCtOVDNOQ+8ntlqFxiRc+r5qA==
  dependencies:
    color-convert "^1.9.0"

astral-regex@^1.0.0:
  version "1.0.0"
  resolved "https://registry.npmjs.org/astral-regex/-/astral-regex-1.0.0.tgz#6c8c3fb827dd43ee3918f27b82782ab7658a6fd9"
  integrity sha512-+Ryf6g3BKoRc7jfp7ad8tM4TtMiaWvbF/1/sQcZPkkS7ag3D5nMBCe2UfOTONtAkaG0tO0ij3C5Lwmf1EiyjHg==

at-least-node@^1.0.0:
  version "1.0.0"
  resolved "https://registry.npmjs.org/at-least-node/-/at-least-node-1.0.0.tgz#602cd4b46e844ad4effc92a8011a3c46e0238dc2"
  integrity sha512-+q/t7Ekv1EDY2l6Gda6LLiX14rU9TV20Wa3ofeQmwPFZbOMo9DXrLbOjFaaclkXKWidIaopwAObQDqwWtGUjqg==

balanced-match@^1.0.0:
  version "1.0.0"
  resolved "https://registry.npmjs.org/balanced-match/-/balanced-match-1.0.0.tgz#89b4d199ab2bee49de164ea02b89ce462d71b767"
  integrity sha1-ibTRmasr7kneFk6gK4nORi1xt2c=

brace-expansion@^1.1.7:
  version "1.1.11"
  resolved "https://registry.npmjs.org/brace-expansion/-/brace-expansion-1.1.11.tgz#3c7fcbf529d87226f3d2f52b966ff5271eb441dd"
  integrity sha512-iCuPHDFgrHX7H2vEI/5xpz07zSHB00TpugqhmYtVmMO6518mCuRMoOYFldEBl0g187ufozdaHgWKcYFb61qGiA==
  dependencies:
    balanced-match "^1.0.0"
    concat-map "0.0.1"

charenc@~0.0.1:
  version "0.0.2"
  resolved "https://registry.npmjs.org/charenc/-/charenc-0.0.2.tgz#c0a1d2f3a7092e03774bfa83f14c0fc5790a8667"
  integrity sha1-wKHS86cJLgN3S/qD8UwPxXkKhmc=

color-convert@^1.9.0:
  version "1.9.3"
  resolved "https://registry.npmjs.org/color-convert/-/color-convert-1.9.3.tgz#bb71850690e1f136567de629d2d5471deda4c1e8"
  integrity sha512-QfAUtd+vFdAtFQcC8CCyYt1fYWxSqAiK2cSD6zDB8N3cpsEBAvRxp9zOGg6G/SHHJYAT88/az/IuDGALsNVbGg==
  dependencies:
    color-name "1.1.3"

color-name@1.1.3:
  version "1.1.3"
  resolved "https://registry.npmjs.org/color-name/-/color-name-1.1.3.tgz#a7d0558bd89c42f795dd42328f740831ca53bc25"
  integrity sha1-p9BVi9icQveV3UIyj3QIMcpTvCU=

colors@^1.4.0:
  version "1.4.0"
  resolved "https://registry.npmjs.org/colors/-/colors-1.4.0.tgz#c50491479d4c1bdaed2c9ced32cf7c7dc2360f78"
  integrity sha512-a+UqTh4kgZg/SlGvfbzDHpgRu7AAQOmmqRHJnxhRZICKFUT91brVhNNt58CMWU9PsBbv3PDCZUHbVxuDiH2mtA==

concat-map@0.0.1:
  version "0.0.1"
  resolved "https://registry.npmjs.org/concat-map/-/concat-map-0.0.1.tgz#d8a96bd77fd68df7793a73036a3ba0d5405d477b"
  integrity sha1-2Klr13/Wjfd5OnMDajug1UBdR3s=

constructs@^3.0.2:
  version "3.0.4"
  resolved "https://registry.npmjs.org/constructs/-/constructs-3.0.4.tgz#eb1ed5b80f6600b8d50de83971357ae0fe8e29a2"
  integrity sha512-CDvg7gMjphE3DFX4pzkF6j73NREbR8npPFW8Mx/CLRnMR035+Y1o1HrXIsNSss/dq3ZUnNTU9jKyd3fL9EOlfw==

crypt@~0.0.1:
  version "0.0.2"
  resolved "https://registry.npmjs.org/crypt/-/crypt-0.0.2.tgz#88d7ff7ec0dfb86f713dc87bbb42d044d3e6c41b"
  integrity sha1-iNf/fsDfuG9xPch7u0LQRNPmxBs=

diff@^4.0.2:
  version "4.0.2"
  resolved "https://registry.npmjs.org/diff/-/diff-4.0.2.tgz#60f3aecb89d5fae520c11aa19efc2bb982aade7d"
  integrity sha512-58lmxKSA4BNyLz+HHMUzlOEpg09FV+ev6ZMe3vJihgdxzgcwZ8VoEEPmALCZG9LmqfVoNMMKpttIYTVG6uDY7A==

emoji-regex@^7.0.1:
  version "7.0.3"
  resolved "https://registry.npmjs.org/emoji-regex/-/emoji-regex-7.0.3.tgz#933a04052860c85e83c122479c4748a8e4c72156"
  integrity sha512-CwBLREIQ7LvYFB0WyRvwhq5N5qPhc6PMjD6bYggFlI5YyDgl+0vxq5VHbMOFqLg7hfWzmu8T5Z1QofhmTIhItA==

emoji-regex@^8.0.0:
  version "8.0.0"
  resolved "https://registry.npmjs.org/emoji-regex/-/emoji-regex-8.0.0.tgz#e818fd69ce5ccfcb404594f842963bf53164cc37"
  integrity sha512-MSjYzcWNOA0ewAHpz0MxpYFvwg6yjy1NG3xteoqz644VCo/RPgnr1/GGt+ic3iJTzQ8Eu3TdM14SawnVUmGE6A==

fast-deep-equal@^3.1.1, fast-deep-equal@^3.1.3:
  version "3.1.3"
  resolved "https://registry.npmjs.org/fast-deep-equal/-/fast-deep-equal-3.1.3.tgz#3a7d56b559d6cbc3eb512325244e619a65c6c525"
  integrity sha512-f3qQ9oQy9j2AhBe/H9VC91wLmKBCCU/gDOnKNAYG5hswO7BLKj09Hc5HYNz9cGI++xlpDCIgDaitVs03ATR84Q==

fast-json-stable-stringify@^2.0.0:
  version "2.1.0"
  resolved "https://registry.npmjs.org/fast-json-stable-stringify/-/fast-json-stable-stringify-2.1.0.tgz#874bf69c6f404c2b5d99c481341399fd55892633"
  integrity sha512-lhd/wF+Lk98HZoTCtlVraHtfh5XYijIjalXck7saUtuanSDyLMxnHhSXEDJqHxD7msR8D0uCmqlkwjCV8xvwHw==

fs-extra@^9.0.1:
  version "9.0.1"
  resolved "https://registry.npmjs.org/fs-extra/-/fs-extra-9.0.1.tgz#910da0062437ba4c39fedd863f1675ccfefcb9fc"
  integrity sha512-h2iAoN838FqAFJY2/qVpzFXy+EBxfVE220PalAqQLDVsFOHLJrZvut5puAbCdNv6WJk+B8ihI+k0c7JK5erwqQ==
  dependencies:
    at-least-node "^1.0.0"
    graceful-fs "^4.2.0"
    jsonfile "^6.0.1"
    universalify "^1.0.0"

graceful-fs@^4.1.6, graceful-fs@^4.2.0:
  version "4.2.4"
  resolved "https://registry.npmjs.org/graceful-fs/-/graceful-fs-4.2.4.tgz#2256bde14d3632958c465ebc96dc467ca07a29fb"
  integrity sha512-WjKPNJF79dtJAVniUlGGWHYGz2jWxT6VhN/4m1NdkbZ2nOsEF+cI1Edgql5zCRhs/VsQYRvrXctxktVXZUkixw==

is-buffer@~1.1.1:
  version "1.1.6"
  resolved "https://registry.npmjs.org/is-buffer/-/is-buffer-1.1.6.tgz#efaa2ea9daa0d7ab2ea13a97b2b8ad51fefbe8be"
  integrity sha512-NcdALwpXkTm5Zvvbk7owOUSvVvBKDgKP5/ewfXEznmQFfs4ZRmanOeKBTjRVjka3QFoN6XJ+9F3USqfHqTaU5w==

is-fullwidth-code-point@^2.0.0:
  version "2.0.0"
  resolved "https://registry.npmjs.org/is-fullwidth-code-point/-/is-fullwidth-code-point-2.0.0.tgz#a3b30a5c4f199183167aaab93beefae3ddfb654f"
  integrity sha1-o7MKXE8ZkYMWeqq5O+764937ZU8=

is-fullwidth-code-point@^3.0.0:
  version "3.0.0"
  resolved "https://registry.npmjs.org/is-fullwidth-code-point/-/is-fullwidth-code-point-3.0.0.tgz#f116f8064fe90b3f7844a38997c0b75051269f1d"
  integrity sha512-zymm5+u+sCsSWyD9qNaejV3DFvhCKclKdizYaJUuHA83RLjb7nSuGnddCHGv0hk+KY7BMAlsWeK4Ueg6EV6XQg==

json-schema-traverse@^0.4.1:
  version "0.4.1"
  resolved "https://registry.npmjs.org/json-schema-traverse/-/json-schema-traverse-0.4.1.tgz#69f6a87d9513ab8bb8fe63bdb0979c448e684660"
  integrity sha512-xbbCH5dCYU5T8LcEhhuh7HJ88HXuW3qsI3Y0zOZFKfZEHcpWiHU/Jxzk629Brsab/mMiHQti9wMP+845RPe3Vg==

jsonfile@^6.0.1:
  version "6.0.1"
  resolved "https://registry.npmjs.org/jsonfile/-/jsonfile-6.0.1.tgz#98966cba214378c8c84b82e085907b40bf614179"
  integrity sha512-jR2b5v7d2vIOust+w3wtFKZIfpC2pnRmFAhAC/BuweZFQR8qZzxH1OyrQ10HmdVYiXWkYUqPVsz91cG7EL2FBg==
  dependencies:
    universalify "^1.0.0"
  optionalDependencies:
    graceful-fs "^4.1.6"

jsonschema@^1.2.5:
  version "1.2.6"
  resolved "https://registry.npmjs.org/jsonschema/-/jsonschema-1.2.6.tgz#52b0a8e9dc06bbae7295249d03e4b9faee8a0c0b"
  integrity sha512-SqhURKZG07JyKKeo/ir24QnS4/BV7a6gQy93bUSe4lUdNp0QNpIz2c9elWJQ9dpc5cQYY6cvCzgRwy0MQCLyqA==

lodash@^4.17.14:
  version "4.17.19"
  resolved "https://registry.npmjs.org/lodash/-/lodash-4.17.19.tgz#e48ddedbe30b3321783c5b4301fbd353bc1e4a4b"
  integrity sha512-JNvd8XER9GQX0v2qJgsaN/mzFCNA5BRe/j8JN9d+tWyGLSodKQHKFicdwNYzWwI3wjRnaKPsGj1XkBjx/F96DQ==

md5@^2.2.1:
  version "2.2.1"
  resolved "https://registry.npmjs.org/md5/-/md5-2.2.1.tgz#53ab38d5fe3c8891ba465329ea23fac0540126f9"
  integrity sha1-U6s41f48iJG6RlMp6iP6wFQBJvk=
  dependencies:
    charenc "~0.0.1"
    crypt "~0.0.1"
    is-buffer "~1.1.1"

minimatch@^3.0.4:
  version "3.0.4"
  resolved "https://registry.npmjs.org/minimatch/-/minimatch-3.0.4.tgz#5166e286457f03306064be5497e8dbb0c3d32083"
  integrity sha512-yJHVQEhyqPLUTgt9B83PXu6W3rx4MvvHvSUvToogpwoGDOUQ+yDrR0HRot+yOCdCO7u4hX3pWft6kWBBcqh0UA==
  dependencies:
    brace-expansion "^1.1.7"

punycode@^2.1.0:
  version "2.1.1"
  resolved "https://registry.npmjs.org/punycode/-/punycode-2.1.1.tgz#b58b010ac40c22c5657616c8d2c2c02c7bf479ec"
  integrity sha512-XRsRjdf+j5ml+y/6GKHPZbrF/8p2Yga0JPtdqTIY2Xe5ohJPD9saDJJLPvp9+NSBprVvevdXZybnj2cv8OEd0A==

semver@^7.2.2:
  version "7.3.2"
  resolved "https://registry.npmjs.org/semver/-/semver-7.3.2.tgz#604962b052b81ed0786aae84389ffba70ffd3938"
  integrity sha512-OrOb32TeeambH6UrhtShmF7CRDqhL6/5XpPNp2DuRH6+9QLw/orhp72j87v8Qa1ScDkvrrBNpZcDejAirJmfXQ==

slice-ansi@^2.1.0:
  version "2.1.0"
  resolved "https://registry.npmjs.org/slice-ansi/-/slice-ansi-2.1.0.tgz#cacd7693461a637a5788d92a7dd4fba068e81636"
  integrity sha512-Qu+VC3EwYLldKa1fCxuuvULvSJOKEgk9pi8dZeCVK7TqBfUNTH4sFkk4joj8afVSfAYgJoSOetjx9QWOJ5mYoQ==
  dependencies:
    ansi-styles "^3.2.0"
    astral-regex "^1.0.0"
    is-fullwidth-code-point "^2.0.0"

string-width@^3.0.0:
  version "3.1.0"
  resolved "https://registry.npmjs.org/string-width/-/string-width-3.1.0.tgz#22767be21b62af1081574306f69ac51b62203961"
  integrity sha512-vafcv6KjVZKSgz06oM/H6GDBrAtz8vdhQakGjFIvNrHA6y3HCF1CInLy+QLq8dTJPQ1b+KDUqDFctkdRW44e1w==
  dependencies:
    emoji-regex "^7.0.1"
    is-fullwidth-code-point "^2.0.0"
    strip-ansi "^5.1.0"

string-width@^4.2.0:
  version "4.2.0"
  resolved "https://registry.npmjs.org/string-width/-/string-width-4.2.0.tgz#952182c46cc7b2c313d1596e623992bd163b72b5"
  integrity sha512-zUz5JD+tgqtuDjMhwIg5uFVV3dtqZ9yQJlZVfq4I01/K5Paj5UHj7VyrQOJvzawSVlKpObApbfD0Ed6yJc+1eg==
  dependencies:
    emoji-regex "^8.0.0"
    is-fullwidth-code-point "^3.0.0"
    strip-ansi "^6.0.0"

strip-ansi@^5.1.0:
  version "5.2.0"
  resolved "https://registry.npmjs.org/strip-ansi/-/strip-ansi-5.2.0.tgz#8c9a536feb6afc962bdfa5b104a5091c1ad9c0ae"
  integrity sha512-DuRs1gKbBqsMKIZlrffwlug8MHkcnpjs5VPmL1PAh+mA30U0DTotfDZ0d2UUsXpPmPmMMJ6W773MaA3J+lbiWA==
  dependencies:
    ansi-regex "^4.1.0"

strip-ansi@^6.0.0:
  version "6.0.0"
  resolved "https://registry.npmjs.org/strip-ansi/-/strip-ansi-6.0.0.tgz#0b1571dd7669ccd4f3e06e14ef1eed26225ae532"
  integrity sha512-AuvKTrTfQNYNIctbR1K/YGTR1756GycPsg7b9bdV9Duqur4gv6aKqHXah67Z8ImS7WEz5QVcOtlfW2rZEugt6w==
  dependencies:
    ansi-regex "^5.0.0"

table@^5.4.6:
  version "5.4.6"
  resolved "https://registry.npmjs.org/table/-/table-5.4.6.tgz#1292d19500ce3f86053b05f0e8e7e4a3bb21079e"
  integrity sha512-wmEc8m4fjnob4gt5riFRtTu/6+4rSe12TpAELNSqHMfF3IqnA+CH37USM6/YR3qRZv7e56kAEAtd6nKZaxe0Ug==
  dependencies:
    ajv "^6.10.2"
    lodash "^4.17.14"
    slice-ansi "^2.1.0"
    string-width "^3.0.0"

universalify@^1.0.0:
  version "1.0.0"
  resolved "https://registry.npmjs.org/universalify/-/universalify-1.0.0.tgz#b61a1da173e8435b2fe3c67d29b9adf8594bd16d"
  integrity sha512-rb6X1W158d7pRQBg5gkR8uPaSfiids68LTJQYOtEUhoJUWBdaQHsuT/EUduxXYxcrt4r5PJ4fuHW1MHT6p0qug==

uri-js@^4.2.2:
  version "4.2.2"
  resolved "https://registry.npmjs.org/uri-js/-/uri-js-4.2.2.tgz#94c540e1ff772956e2299507c010aea6c8838eb0"
  integrity sha512-KY9Frmirql91X2Qgjry0Wd4Y+YTdrdZheS8TFwvkbLWf/G5KNJDCh6pKL5OZctEW4+0Baa5idK2ZQuELRwPznQ==
  dependencies:
    punycode "^2.1.0"
