{
  "name": "nextjs-lambda-origin-request",
  "version": "1.0.0",
  "lockfileVersion": 1,
  "requires": true,
  "dependencies": {
    "@types/aws-lambda": {
      "version": "8.10.48",
      "resolved": "https://registry.npmjs.org/@types/aws-lambda/-/aws-lambda-8.10.48.tgz",
      "integrity": "sha512-+qFDcssXvrdXIxBbKCJp0atg94TJVJSt5sx3Cu6LOQX/EV2mbInjgxGeKuLmFFBjoxD7G6fSytZoeC6A9fzTuw==",
      "dev": true
    },
    "next-aws-cloudfront": {
      "version": "1.0.1",
      "resolved": "https://registry.npmjs.org/next-aws-cloudfront/-/next-aws-cloudfront-1.0.1.tgz",
      "integrity": "sha512-Zo+zLBbj9Yxd5UWjj4T12e3/XwU87YvLXeZWLS+0+0ZfdcdTTttqKDXbw3jSEP/rG+m40cU09xNshHXQURqiPA=="
    }
  }
}
