{
  "name": "nextjs-lambda-origin-request",
  "version": "1.0.0",
  "lockfileVersion": 1,
  "requires": true,
  "dependencies": {
    "@types/aws-lambda": {
      "version": "8.10.50",
      "resolved": "https://registry.npmjs.org/@types/aws-lambda/-/aws-lambda-8.10.50.tgz",
      "integrity": "sha512-RDzmQ5mO1f0BViKiuOudENZmoCACEa461nTRVtxhsAiEqGCgwdhCYN0aFgk42X5+ELAiqJKbv2mK0LkopYRYQg==",
      "dev": true
    },
    "@types/node": {
      "version": "13.13.0",
      "resolved": "https://registry.npmjs.org/@types/node/-/node-13.13.0.tgz",
      "integrity": "sha512-WE4IOAC6r/yBZss1oQGM5zs2D7RuKR6Q+w+X2SouPofnWn+LbCqClRyhO3ZE7Ix8nmFgo/oVuuE01cJT2XB13A==",
      "dev": true
    },
    "next-aws-cloudfront": {
      "version": "file:../cloudfront-lambda@edge-compat"
    }
  }
}
