# This file is generated by running "yarn install" inside your project.
# Manual changes might be lost - proceed with caution!

__metadata:
  version: 4
  cacheKey: 8

"@serverless/core@npm:^1.1.2":
  version: 1.1.2
  resolution: "@serverless/core@npm:1.1.2"
  dependencies:
    fs-extra: ^7.0.1
    js-yaml: ^3.13.1
    package-json: ^6.3.0
    ramda: ^0.26.1
    semver: ^6.1.1
  checksum: 18a343817b0643afaca382c54d7efd6c643a215a3bb44a711b6b2e069f38c4be6a6d0b699c54029c60b64f5854a9e3b8ff3bb70a9b37959cd7395eb105318be9
  languageName: node
  linkType: hard

"@sindresorhus/is@npm:^0.14.0":
  version: 0.14.0
  resolution: "@sindresorhus/is@npm:0.14.0"
  checksum: 971e0441dd44ba3909b467219a5e242da0fc584048db5324cfb8048148fa8dcc9d44d71e3948972c4f6121d24e5da402ef191420d1266a95f713bb6d6e59c98a
  languageName: node
  linkType: hard

"@sls-next/aws-sqs@workspace:.":
  version: 0.0.0-use.local
  resolution: "@sls-next/aws-sqs@workspace:."
  dependencies:
    "@serverless/core": ^1.1.2
    fs-extra: ^9.1.0
    lodash: ^4.17.21
  peerDependencies:
    "@serverless/core": ^1.1.2
    aws-sdk: ^2.1013.0
  languageName: unknown
  linkType: soft

"@szmarczak/http-timer@npm:^1.1.2":
  version: 1.1.2
  resolution: "@szmarczak/http-timer@npm:1.1.2"
  dependencies:
    defer-to-connect: ^1.0.1
  checksum: 4d9158061c5f397c57b4988cde33a163244e4f02df16364f103971957a32886beb104d6180902cbe8b38cb940e234d9f98a4e486200deca621923f62f50a06fe
  languageName: node
  linkType: hard

"@types/keyv@npm:^3.1.1":
  version: 3.1.3
  resolution: "@types/keyv@npm:3.1.3"
  dependencies:
    "@types/node": "*"
  checksum: b5f8aa592cc21c16d99e69aec0976f12b893b055e4456d90148a610a6b6088e297b2ba5f38f8c8280cef006cfd8f9ec99e069905020882619dc5fc8aa46f5f27
  languageName: node
  linkType: hard

"@types/node@npm:*":
  version: 16.11.4
  resolution: "@types/node@npm:16.11.4"
  checksum: 96e08c0f8bb17601c18640a8eac61e2f236fe0c8a6b01a9221c10749157358fb29fdef4b5e264f72559e72f9830e6093f3ab5fef2df90afdad562ffa45ac534c
  languageName: node
  linkType: hard

"@types/responselike@npm:^1.0.0":
  version: 1.0.0
  resolution: "@types/responselike@npm:1.0.0"
  dependencies:
    "@types/node": "*"
  checksum: e99fc7cc6265407987b30deda54c1c24bb1478803faf6037557a774b2f034c5b097ffd65847daa87e82a61a250d919f35c3588654b0fdaa816906650f596d1b0
  languageName: node
  linkType: hard

"argparse@npm:^1.0.7":
  version: 1.0.10
  resolution: "argparse@npm:1.0.10"
  dependencies:
    sprintf-js: ~1.0.2
  checksum: 7ca6e45583a28de7258e39e13d81e925cfa25d7d4aacbf806a382d3c02fcb13403a07fb8aeef949f10a7cfe4a62da0e2e807b348a5980554cc28ee573ef95945
  languageName: node
  linkType: hard

"at-least-node@npm:^1.0.0":
  version: 1.0.0
  resolution: "at-least-node@npm:1.0.0"
  checksum: 463e2f8e43384f1afb54bc68485c436d7622acec08b6fad269b421cb1d29cebb5af751426793d0961ed243146fe4dc983402f6d5a51b720b277818dbf6f2e49e
  languageName: node
  linkType: hard

"cacheable-request@npm:^6.0.0":
  version: 6.1.0
  resolution: "cacheable-request@npm:6.1.0"
  dependencies:
    clone-response: ^1.0.2
    get-stream: ^5.1.0
    http-cache-semantics: ^4.0.0
    keyv: ^3.0.0
    lowercase-keys: ^2.0.0
    normalize-url: ^4.1.0
    responselike: ^1.0.2
  checksum: b510b237b18d17e89942e9ee2d2a077cb38db03f12167fd100932dfa8fc963424bfae0bfa1598df4ae16c944a5484e43e03df8f32105b04395ee9495e9e4e9f1
  languageName: node
  linkType: hard

"clone-response@npm:^1.0.2":
  version: 1.0.2
  resolution: "clone-response@npm:1.0.2"
  dependencies:
    mimic-response: ^1.0.0
  checksum: 2d0e61547fc66276e0903be9654ada422515f5a15741691352000d47e8c00c226061221074ce2c0064d12e975e84a8687cfd35d8b405750cb4e772f87b256eda
  languageName: node
  linkType: hard

"decompress-response@npm:^3.3.0":
  version: 3.3.0
  resolution: "decompress-response@npm:3.3.0"
  dependencies:
    mimic-response: ^1.0.0
  checksum: 952552ac3bd7de2fc18015086b09468645c9638d98a551305e485230ada278c039c91116e946d07894b39ee53c0f0d5b6473f25a224029344354513b412d7380
  languageName: node
  linkType: hard

"deep-extend@npm:^0.6.0":
  version: 0.6.0
  resolution: "deep-extend@npm:0.6.0"
  checksum: 7be7e5a8d468d6b10e6a67c3de828f55001b6eb515d014f7aeb9066ce36bd5717161eb47d6a0f7bed8a9083935b465bc163ee2581c8b128d29bf61092fdf57a7
  languageName: node
  linkType: hard

"defer-to-connect@npm:^1.0.1":
  version: 1.1.3
  resolution: "defer-to-connect@npm:1.1.3"
  checksum: 9491b301dcfa04956f989481ba7a43c2231044206269eb4ab64a52d6639ee15b1252262a789eb4239fb46ab63e44d4e408641bae8e0793d640aee55398cb3930
  languageName: node
  linkType: hard

"duplexer3@npm:^0.1.4":
  version: 0.1.4
  resolution: "duplexer3@npm:0.1.4"
  checksum: c2fd6969314607d23439c583699aaa43c4100d66b3e161df55dccd731acc57d5c81a64bb4f250805fbe434ddb1d2623fee2386fb890f5886ca1298690ec53415
  languageName: node
  linkType: hard

"end-of-stream@npm:^1.1.0":
  version: 1.4.4
  resolution: "end-of-stream@npm:1.4.4"
  dependencies:
    once: ^1.4.0
  checksum: 530a5a5a1e517e962854a31693dbb5c0b2fc40b46dad2a56a2deec656ca040631124f4795823acc68238147805f8b021abbe221f4afed5ef3c8e8efc2024908b
  languageName: node
  linkType: hard

"esprima@npm:^4.0.0":
  version: 4.0.1
  resolution: "esprima@npm:4.0.1"
  bin:
    esparse: ./bin/esparse.js
    esvalidate: ./bin/esvalidate.js
  checksum: b45bc805a613dbea2835278c306b91aff6173c8d034223fa81498c77dcbce3b2931bf6006db816f62eacd9fd4ea975dfd85a5b7f3c6402cfd050d4ca3c13a628
  languageName: node
  linkType: hard

"fs-extra@npm:^7.0.1":
  version: 7.0.1
  resolution: "fs-extra@npm:7.0.1"
  dependencies:
    graceful-fs: ^4.1.2
    jsonfile: ^4.0.0
    universalify: ^0.1.0
  checksum: 141b9dccb23b66a66cefdd81f4cda959ff89282b1d721b98cea19ba08db3dcbe6f862f28841f3cf24bb299e0b7e6c42303908f65093cb7e201708e86ea5a8dcf
  languageName: node
  linkType: hard

"fs-extra@npm:^9.1.0":
  version: 9.1.0
  resolution: "fs-extra@npm:9.1.0"
  dependencies:
    at-least-node: ^1.0.0
    graceful-fs: ^4.2.0
    jsonfile: ^6.0.1
    universalify: ^2.0.0
  checksum: ba71ba32e0faa74ab931b7a0031d1523c66a73e225de7426e275e238e312d07313d2da2d33e34a52aa406c8763ade5712eb3ec9ba4d9edce652bcacdc29e6b20
  languageName: node
  linkType: hard

"get-stream@npm:^4.1.0":
  version: 4.1.0
  resolution: "get-stream@npm:4.1.0"
  dependencies:
    pump: ^3.0.0
  checksum: 443e1914170c15bd52ff8ea6eff6dfc6d712b031303e36302d2778e3de2506af9ee964d6124010f7818736dcfde05c04ba7ca6cc26883106e084357a17ae7d73
  languageName: node
  linkType: hard

"get-stream@npm:^5.1.0":
  version: 5.2.0
  resolution: "get-stream@npm:5.2.0"
  dependencies:
    pump: ^3.0.0
  checksum: 8bc1a23174a06b2b4ce600df38d6c98d2ef6d84e020c1ddad632ad75bac4e092eeb40e4c09e0761c35fc2dbc5e7fff5dab5e763a383582c4a167dd69a905bd12
  languageName: node
  linkType: hard

"got@npm:^9.6.0":
  version: 9.6.0
  resolution: "got@npm:9.6.0"
  dependencies:
    "@sindresorhus/is": ^0.14.0
    "@szmarczak/http-timer": ^1.1.2
    cacheable-request: ^6.0.0
    decompress-response: ^3.3.0
    duplexer3: ^0.1.4
    get-stream: ^4.1.0
    lowercase-keys: ^1.0.1
    mimic-response: ^1.0.1
    p-cancelable: ^1.0.0
    to-readable-stream: ^1.0.0
    url-parse-lax: ^3.0.0
  checksum: 941807bd9704bacf5eb401f0cc1212ffa1f67c6642f2d028fd75900471c221b1da2b8527f4553d2558f3faeda62ea1cf31665f8b002c6137f5de8732f07370b0
  languageName: node
  linkType: hard

"graceful-fs@npm:^4.1.2, graceful-fs@npm:^4.1.6, graceful-fs@npm:^4.2.0":
  version: 4.2.8
  resolution: "graceful-fs@npm:4.2.8"
  checksum: 5d224c8969ad0581d551dfabdb06882706b31af2561bd5e2034b4097e67cc27d05232849b8643866585fd0a41c7af152950f8776f4dd5579e9853733f31461c6
  languageName: node
  linkType: hard

"http-cache-semantics@npm:^4.0.0":
  version: 4.1.0
  resolution: "http-cache-semantics@npm:4.1.0"
  checksum: 974de94a81c5474be07f269f9fd8383e92ebb5a448208223bfb39e172a9dbc26feff250192ecc23b9593b3f92098e010406b0f24bd4d588d631f80214648ed42
  languageName: node
  linkType: hard

"ini@npm:~1.3.0":
  version: 1.3.8
  resolution: "ini@npm:1.3.8"
  checksum: dfd98b0ca3a4fc1e323e38a6c8eb8936e31a97a918d3b377649ea15bdb15d481207a0dda1021efbd86b464cae29a0d33c1d7dcaf6c5672bee17fa849bc50a1b3
  languageName: node
  linkType: hard

"js-yaml@npm:^3.13.1":
  version: 3.14.1
  resolution: "js-yaml@npm:3.14.1"
  dependencies:
    argparse: ^1.0.7
    esprima: ^4.0.0
  bin:
    js-yaml: bin/js-yaml.js
  checksum: bef146085f472d44dee30ec34e5cf36bf89164f5d585435a3d3da89e52622dff0b188a580e4ad091c3341889e14cb88cac6e4deb16dc5b1e9623bb0601fc255c
  languageName: node
  linkType: hard

"json-buffer@npm:3.0.0":
  version: 3.0.0
  resolution: "json-buffer@npm:3.0.0"
  checksum: 0cecacb8025370686a916069a2ff81f7d55167421b6aa7270ee74e244012650dd6bce22b0852202ea7ff8624fce50ff0ec1bdf95914ccb4553426e290d5a63fa
  languageName: node
  linkType: hard

"jsonfile@npm:^4.0.0":
  version: 4.0.0
  resolution: "jsonfile@npm:4.0.0"
  dependencies:
    graceful-fs: ^4.1.6
  dependenciesMeta:
    graceful-fs:
      optional: true
  checksum: 6447d6224f0d31623eef9b51185af03ac328a7553efcee30fa423d98a9e276ca08db87d71e17f2310b0263fd3ffa6c2a90a6308367f661dc21580f9469897c9e
  languageName: node
  linkType: hard

"jsonfile@npm:^6.0.1":
  version: 6.1.0
  resolution: "jsonfile@npm:6.1.0"
  dependencies:
    graceful-fs: ^4.1.6
    universalify: ^2.0.0
  dependenciesMeta:
    graceful-fs:
      optional: true
  checksum: 7af3b8e1ac8fe7f1eccc6263c6ca14e1966fcbc74b618d3c78a0a2075579487547b94f72b7a1114e844a1e15bb00d440e5d1720bfc4612d790a6f285d5ea8354
  languageName: node
  linkType: hard

"keyv@npm:^3.0.0":
  version: 3.1.0
  resolution: "keyv@npm:3.1.0"
  dependencies:
    json-buffer: 3.0.0
  checksum: bb7e8f3acffdbafbc2dd5b63f377fe6ec4c0e2c44fc82720449ef8ab54f4a7ce3802671ed94c0f475ae0a8549703353a2124561fcf3317010c141b32ca1ce903
  languageName: node
  linkType: hard

"lodash@npm:^4.17.21":
  version: 4.17.21
  resolution: "lodash@npm:4.17.21"
  checksum: eb835a2e51d381e561e508ce932ea50a8e5a68f4ebdd771ea240d3048244a8d13658acbd502cd4829768c56f2e16bdd4340b9ea141297d472517b83868e677f7
  languageName: node
  linkType: hard

"lowercase-keys@npm:^1.0.0, lowercase-keys@npm:^1.0.1":
  version: 1.0.1
  resolution: "lowercase-keys@npm:1.0.1"
  checksum: 4d045026595936e09953e3867722e309415ff2c80d7701d067546d75ef698dac218a4f53c6d1d0e7368b47e45fd7529df47e6cb56fbb90523ba599f898b3d147
  languageName: node
  linkType: hard

"lowercase-keys@npm:^2.0.0":
  version: 2.0.0
  resolution: "lowercase-keys@npm:2.0.0"
  checksum: 24d7ebd56ccdf15ff529ca9e08863f3c54b0b9d1edb97a3ae1af34940ae666c01a1e6d200707bce730a8ef76cb57cc10e65f245ecaaf7e6bc8639f2fb460ac23
  languageName: node
  linkType: hard

"mimic-response@npm:^1.0.0, mimic-response@npm:^1.0.1":
  version: 1.0.1
  resolution: "mimic-response@npm:1.0.1"
  checksum: 034c78753b0e622bc03c983663b1cdf66d03861050e0c8606563d149bc2b02d63f62ce4d32be4ab50d0553ae0ffe647fc34d1f5281184c6e1e8cf4d85e8d9823
  languageName: node
  linkType: hard

"minimist@npm:^1.2.0":
  version: 1.2.5
  resolution: "minimist@npm:1.2.5"
  checksum: 86706ce5b36c16bfc35c5fe3dbb01d5acdc9a22f2b6cc810b6680656a1d2c0e44a0159c9a3ba51fb072bb5c203e49e10b51dcd0eec39c481f4c42086719bae52
  languageName: node
  linkType: hard

"normalize-url@npm:^4.1.0":
  version: 4.5.1
  resolution: "normalize-url@npm:4.5.1"
  checksum: 9a9dee01df02ad23e171171893e56e22d752f7cff86fb96aafeae074819b572ea655b60f8302e2d85dbb834dc885c972cc1c573892fea24df46b2765065dd05a
  languageName: node
  linkType: hard

"once@npm:^1.3.1, once@npm:^1.4.0":
  version: 1.4.0
  resolution: "once@npm:1.4.0"
  dependencies:
    wrappy: 1
  checksum: cd0a88501333edd640d95f0d2700fbde6bff20b3d4d9bdc521bdd31af0656b5706570d6c6afe532045a20bb8dc0849f8332d6f2a416e0ba6d3d3b98806c7db68
  languageName: node
  linkType: hard

"p-cancelable@npm:^1.0.0":
  version: 1.1.0
  resolution: "p-cancelable@npm:1.1.0"
  checksum: 2db3814fef6d9025787f30afaee4496a8857a28be3c5706432cbad76c688a6db1874308f48e364a42f5317f5e41e8e7b4f2ff5c8ff2256dbb6264bc361704ece
  languageName: node
  linkType: hard

"package-json@npm:^6.3.0":
  version: 6.5.0
  resolution: "package-json@npm:6.5.0"
  dependencies:
    got: ^9.6.0
    registry-auth-token: ^4.0.0
    registry-url: ^5.0.0
    semver: ^6.2.0
  checksum: cc9f890d3667d7610e6184decf543278b87f657d1ace0deb4a9c9155feca738ef88f660c82200763d3348010f4e42e9c7adc91e96ab0f86a770955995b5351e2
  languageName: node
  linkType: hard

"prepend-http@npm:^2.0.0":
  version: 2.0.0
  resolution: "prepend-http@npm:2.0.0"
  checksum: 7694a9525405447662c1ffd352fcb41b6410c705b739b6f4e3a3e21cf5fdede8377890088e8934436b8b17ba55365a615f153960f30877bf0d0392f9e93503ea
  languageName: node
  linkType: hard

"pump@npm:^3.0.0":
  version: 3.0.0
  resolution: "pump@npm:3.0.0"
  dependencies:
    end-of-stream: ^1.1.0
    once: ^1.3.1
  checksum: e42e9229fba14732593a718b04cb5e1cfef8254544870997e0ecd9732b189a48e1256e4e5478148ecb47c8511dca2b09eae56b4d0aad8009e6fac8072923cfc9
  languageName: node
  linkType: hard

"ramda@npm:^0.26.1":
  version: 0.26.1
  resolution: "ramda@npm:0.26.1"
  checksum: 19c2730e44c129538151ae034c89be9b2c6a4ccc7c65cff57497418bc532ce09282f98cd927c39b0b03c6bc3f1d1a12d822b7b07f96a1634f4958a6c05b7b384
  languageName: node
  linkType: hard

"rc@npm:^1.2.8":
  version: 1.2.8
  resolution: "rc@npm:1.2.8"
  dependencies:
    deep-extend: ^0.6.0
    ini: ~1.3.0
    minimist: ^1.2.0
    strip-json-comments: ~2.0.1
  bin:
    rc: ./cli.js
  checksum: 2e26e052f8be2abd64e6d1dabfbd7be03f80ec18ccbc49562d31f617d0015fbdbcf0f9eed30346ea6ab789e0fdfe4337f033f8016efdbee0df5354751842080e
  languageName: node
  linkType: hard

"registry-auth-token@npm:^4.0.0":
  version: 4.2.1
  resolution: "registry-auth-token@npm:4.2.1"
  dependencies:
    rc: ^1.2.8
  checksum: aa72060b573a50607cfd2dee16d0e51e13ca58b6a80442e74545325dc24d2c38896e6bad229bdcc1fc9759fa81b4066be8693d4d6f45927318e7c793a93e9cd0
  languageName: node
  linkType: hard

"registry-url@npm:^5.0.0":
  version: 5.1.0
  resolution: "registry-url@npm:5.1.0"
  dependencies:
    rc: ^1.2.8
  checksum: bcea86c84a0dbb66467b53187fadebfea79017cddfb4a45cf27530d7275e49082fe9f44301976eb0164c438e395684bcf3dae4819b36ff9d1640d8cc60c73df9
  languageName: node
  linkType: hard

"responselike@npm:^1.0.2":
  version: 1.0.2
  resolution: "responselike@npm:1.0.2"
  dependencies:
    lowercase-keys: ^1.0.0
  checksum: 2e9e70f1dcca3da621a80ce71f2f9a9cad12c047145c6ece20df22f0743f051cf7c73505e109814915f23f9e34fb0d358e22827723ee3d56b623533cab8eafcd
  languageName: node
  linkType: hard

"semver@npm:^6.1.1, semver@npm:^6.2.0":
  version: 6.3.0
  resolution: "semver@npm:6.3.0"
  bin:
    semver: ./bin/semver.js
  checksum: 1b26ecf6db9e8292dd90df4e781d91875c0dcc1b1909e70f5d12959a23c7eebb8f01ea581c00783bbee72ceeaad9505797c381756326073850dc36ed284b21b9
  languageName: node
  linkType: hard

"sprintf-js@npm:~1.0.2":
  version: 1.0.3
  resolution: "sprintf-js@npm:1.0.3"
  checksum: 19d79aec211f09b99ec3099b5b2ae2f6e9cdefe50bc91ac4c69144b6d3928a640bb6ae5b3def70c2e85a2c3d9f5ec2719921e3a59d3ca3ef4b2fd1a4656a0df3
  languageName: node
  linkType: hard

"strip-json-comments@npm:~2.0.1":
  version: 2.0.1
  resolution: "strip-json-comments@npm:2.0.1"
  checksum: 1074ccb63270d32ca28edfb0a281c96b94dc679077828135141f27d52a5a398ef5e78bcf22809d23cadc2b81dfbe345eb5fd8699b385c8b1128907dec4a7d1e1
  languageName: node
  linkType: hard

"to-readable-stream@npm:^1.0.0":
  version: 1.0.0
  resolution: "to-readable-stream@npm:1.0.0"
  checksum: 2bd7778490b6214a2c40276065dd88949f4cf7037ce3964c76838b8cb212893aeb9cceaaf4352a4c486e3336214c350270f3263e1ce7a0c38863a715a4d9aeb5
  languageName: node
  linkType: hard

"universalify@npm:^0.1.0":
  version: 0.1.2
  resolution: "universalify@npm:0.1.2"
  checksum: 40cdc60f6e61070fe658ca36016a8f4ec216b29bf04a55dce14e3710cc84c7448538ef4dad3728d0bfe29975ccd7bfb5f414c45e7b78883567fb31b246f02dff
  languageName: node
  linkType: hard

"universalify@npm:^2.0.0":
  version: 2.0.0
  resolution: "universalify@npm:2.0.0"
  checksum: 2406a4edf4a8830aa6813278bab1f953a8e40f2f63a37873ffa9a3bc8f9745d06cc8e88f3572cb899b7e509013f7f6fcc3e37e8a6d914167a5381d8440518c44
  languageName: node
  linkType: hard

"url-parse-lax@npm:^3.0.0":
  version: 3.0.0
  resolution: "url-parse-lax@npm:3.0.0"
  dependencies:
    prepend-http: ^2.0.0
  checksum: 1040e357750451173132228036aff1fd04abbd43eac1fb3e4fca7495a078bcb8d33cb765fe71ad7e473d9c94d98fd67adca63bd2716c815a2da066198dd37217
  languageName: node
  linkType: hard

"wrappy@npm:1":
  version: 1.0.2
  resolution: "wrappy@npm:1.0.2"
  checksum: 159da4805f7e84a3d003d8841557196034155008f817172d4e986bd591f74aa82aa7db55929a54222309e01079a65a92a9e6414da5a6aa4b01ee44a511ac3ee5
  languageName: node
  linkType: hard
