# THIS IS AN AUTOGENERATED FILE. DO NOT EDIT THIS FILE DIRECTLY.
# yarn lockfile v1


"@aws-cdk/assert@>=1.75.0 & < 2":
  version "1.85.0"
  resolved "https://registry.yarnpkg.com/@aws-cdk/assert/-/assert-1.85.0.tgz#f6b55102a6c593e0db9c46e5599def5598e9e767"
  integrity sha512-4d+zLeRPd9g0lLSWFIREjQfssfwExe9oUU6pPLd+oExj7be/5/lP8RhOJswA5Dw+v3ncoBx5C4EI1Uee1vI+Ww==
  dependencies:
    "@aws-cdk/cloud-assembly-schema" "1.85.0"
    "@aws-cdk/cloudformation-diff" "1.85.0"
    "@aws-cdk/core" "1.85.0"
    "@aws-cdk/cx-api" "1.85.0"
    constructs "^3.2.0"

"@aws-cdk/assets@1.85.0":
  version "1.85.0"
  resolved "https://registry.yarnpkg.com/@aws-cdk/assets/-/assets-1.85.0.tgz#445aceaf1eff009760b9616fc6cd325edbb56769"
  integrity sha512-34NPwgqwWDs70OsMJA6YeujI4RlYiVfG5fAA7ir54igLPDLCmR4b4UlFsUWl7XkznuMDgiShYe6yvmfmK8FEMg==
  dependencies:
    "@aws-cdk/core" "1.85.0"
    "@aws-cdk/cx-api" "1.85.0"
    constructs "^3.2.0"

"@aws-cdk/aws-apigateway@1.85.0":
  version "1.85.0"
  resolved "https://registry.yarnpkg.com/@aws-cdk/aws-apigateway/-/aws-apigateway-1.85.0.tgz#f6f1452703848aae3680859d36266bdef9cff3fc"
  integrity sha512-oP0Y6a3wB+1rIke/gYjUtDiXqiS5Lpw5yZXEWxJXtiqfDYOtMqGoiFXvBdF03zEzxEPtORnvC0Z2kviNA1Zbiw==
  dependencies:
    "@aws-cdk/assets" "1.85.0"
    "@aws-cdk/aws-certificatemanager" "1.85.0"
    "@aws-cdk/aws-cloudwatch" "1.85.0"
    "@aws-cdk/aws-ec2" "1.85.0"
    "@aws-cdk/aws-elasticloadbalancingv2" "1.85.0"
    "@aws-cdk/aws-iam" "1.85.0"
    "@aws-cdk/aws-lambda" "1.85.0"
    "@aws-cdk/aws-logs" "1.85.0"
    "@aws-cdk/aws-s3" "1.85.0"
    "@aws-cdk/aws-s3-assets" "1.85.0"
    "@aws-cdk/core" "1.85.0"
    "@aws-cdk/cx-api" "1.85.0"
    constructs "^3.2.0"

"@aws-cdk/aws-apigatewayv2@1.85.0":
  version "1.85.0"
  resolved "https://registry.yarnpkg.com/@aws-cdk/aws-apigatewayv2/-/aws-apigatewayv2-1.85.0.tgz#a951326cca7d19576b2d5ea45a74f2bbb6a4b71d"
  integrity sha512-e1zHGPM22lEKej+zHZvi7Jo8EyVQVVcvzcsgfmwDrrfAQLRfdcAVxylFRssvMbelLapYlG3blV8ANMo94pOGNg==
  dependencies:
    "@aws-cdk/aws-certificatemanager" "1.85.0"
    "@aws-cdk/aws-cloudwatch" "1.85.0"
    "@aws-cdk/aws-ec2" "1.85.0"
    "@aws-cdk/aws-iam" "1.85.0"
    "@aws-cdk/core" "1.85.0"
    constructs "^3.2.0"

"@aws-cdk/aws-applicationautoscaling@1.85.0":
  version "1.85.0"
  resolved "https://registry.yarnpkg.com/@aws-cdk/aws-applicationautoscaling/-/aws-applicationautoscaling-1.85.0.tgz#e7c2dfa5ae8cadf069298218ea8a15fb31349a29"
  integrity sha512-OO/rNJsJPD0lGAZfb+BBHp+8xrnsMB2so4YwEtqanf7n4DXR1Kfr2TzZLj77rOk+QApjJJR1uF4hTmR73qO7FA==
  dependencies:
    "@aws-cdk/aws-autoscaling-common" "1.85.0"
    "@aws-cdk/aws-cloudwatch" "1.85.0"
    "@aws-cdk/aws-iam" "1.85.0"
    "@aws-cdk/core" "1.85.0"
    constructs "^3.2.0"

"@aws-cdk/aws-autoscaling-common@1.85.0":
  version "1.85.0"
  resolved "https://registry.yarnpkg.com/@aws-cdk/aws-autoscaling-common/-/aws-autoscaling-common-1.85.0.tgz#6c2cbbf4d3089635739fea956bc2c8a083d463b9"
  integrity sha512-JatGmQpEtQLn4MFEXjD83Pi9le3UecaTONZplvKdP9LHoD5J8JC4v3WBsJlj0SR+haM1gdwGJgn4npbsGe7r9w==
  dependencies:
    "@aws-cdk/aws-iam" "1.85.0"
    "@aws-cdk/core" "1.85.0"
    constructs "^3.2.0"

"@aws-cdk/aws-certificatemanager@1.85.0", "@aws-cdk/aws-certificatemanager@>=1.75.0 & < 2":
  version "1.85.0"
  resolved "https://registry.yarnpkg.com/@aws-cdk/aws-certificatemanager/-/aws-certificatemanager-1.85.0.tgz#2c9f186d989835f40900d9d0fa1529cbf95553ac"
  integrity sha512-/udYNoBm0BRj5Hbq2gLAZNnIZf5nP7qy/bMYHsQNGW2OiAh5vLabSXFxEH8j6H00RMFsshlAGdtmXFDGSDFpXQ==
  dependencies:
    "@aws-cdk/aws-iam" "1.85.0"
    "@aws-cdk/aws-lambda" "1.85.0"
    "@aws-cdk/aws-route53" "1.85.0"
    "@aws-cdk/core" "1.85.0"
    constructs "^3.2.0"

"@aws-cdk/aws-cloudformation@1.85.0":
  version "1.85.0"
  resolved "https://registry.yarnpkg.com/@aws-cdk/aws-cloudformation/-/aws-cloudformation-1.85.0.tgz#98deb8a03e5e578bcb3fa4db18e7a5b229900568"
  integrity sha512-NGfxt11L+C/C3SRtv2xmjm6Od1BhMJXzBDf2mSMLUkEcIYOsLpewj5wfEEAfC3Xi/avQVZlTW1Ev1rrltgHzlg==
  dependencies:
    "@aws-cdk/aws-iam" "1.85.0"
    "@aws-cdk/aws-lambda" "1.85.0"
    "@aws-cdk/aws-s3" "1.85.0"
    "@aws-cdk/aws-sns" "1.85.0"
    "@aws-cdk/core" "1.85.0"
    "@aws-cdk/cx-api" "1.85.0"
    constructs "^3.2.0"

"@aws-cdk/aws-cloudfront-origins@>=1.75.0 & < 2":
  version "1.85.0"
  resolved "https://registry.yarnpkg.com/@aws-cdk/aws-cloudfront-origins/-/aws-cloudfront-origins-1.85.0.tgz#ee9026f4f3346709945b8eef394ce324dca53da9"
  integrity sha512-smK+tPxkTaiDfc3GtLsJDcBuhWH6eX2ngMwXmpf9iTLDAA2i6MJb/Ij3QOOWFSkcCjtQTCQD/58BwMRLog1oYQ==
  dependencies:
    "@aws-cdk/aws-cloudfront" "1.85.0"
    "@aws-cdk/aws-elasticloadbalancingv2" "1.85.0"
    "@aws-cdk/aws-s3" "1.85.0"
    "@aws-cdk/core" "1.85.0"
    constructs "^3.2.0"

"@aws-cdk/aws-cloudfront@1.85.0", "@aws-cdk/aws-cloudfront@>=1.75.0 & < 2":
  version "1.85.0"
  resolved "https://registry.yarnpkg.com/@aws-cdk/aws-cloudfront/-/aws-cloudfront-1.85.0.tgz#aac11c305ee643db3c06d79c450bfc9fda7d76cb"
  integrity sha512-fbyOj32ZAp/pFsSsvJAYrQsEDU++5O4ZI2unxt7CjtrbnimpltuGqkSWOczlzJSGFWD0Qqamp3eZC6UWidYMgA==
  dependencies:
    "@aws-cdk/aws-certificatemanager" "1.85.0"
    "@aws-cdk/aws-cloudwatch" "1.85.0"
    "@aws-cdk/aws-ec2" "1.85.0"
    "@aws-cdk/aws-iam" "1.85.0"
    "@aws-cdk/aws-kms" "1.85.0"
    "@aws-cdk/aws-lambda" "1.85.0"
    "@aws-cdk/aws-s3" "1.85.0"
    "@aws-cdk/aws-ssm" "1.85.0"
    "@aws-cdk/core" "1.85.0"
    constructs "^3.2.0"

"@aws-cdk/aws-cloudwatch@1.85.0":
  version "1.85.0"
  resolved "https://registry.yarnpkg.com/@aws-cdk/aws-cloudwatch/-/aws-cloudwatch-1.85.0.tgz#986b5df1f81c138334d398cae008a2726fdb3d26"
  integrity sha512-vz+nPtvfeVc1EI+iRl7PIEIwiaqV7+aiM1pdkA1AcCPRELIWkBsiLOUIpHeVncHbNure/Jl12Djbgv20cFyU3g==
  dependencies:
    "@aws-cdk/aws-iam" "1.85.0"
    "@aws-cdk/core" "1.85.0"
    constructs "^3.2.0"

"@aws-cdk/aws-codeguruprofiler@1.85.0":
  version "1.85.0"
  resolved "https://registry.yarnpkg.com/@aws-cdk/aws-codeguruprofiler/-/aws-codeguruprofiler-1.85.0.tgz#e05a333252155bd48177e5448bfc4c20a8e523eb"
  integrity sha512-Ag1tK9vi54fHXOK+yb+b4Lj2mmdnJRTqQDxUZPG8/LVfYvKWolt8pxCox6UrOr7eBcveH0tjGcBKqMexM9KK4A==
  dependencies:
    "@aws-cdk/aws-iam" "1.85.0"
    "@aws-cdk/core" "1.85.0"
    constructs "^3.2.0"

"@aws-cdk/aws-cognito@1.85.0":
  version "1.85.0"
  resolved "https://registry.yarnpkg.com/@aws-cdk/aws-cognito/-/aws-cognito-1.85.0.tgz#c2eafc045540ad1b85f6332044292a2a38cb259b"
  integrity sha512-ODqUQMx0IqV3c/bGoJlNnG9WT1j4oVMYR+gJNe4osujeFAOHi3ycNDqPmkesdwI63RdH8fFIDt06u5xKni7WPQ==
  dependencies:
    "@aws-cdk/aws-certificatemanager" "1.85.0"
    "@aws-cdk/aws-iam" "1.85.0"
    "@aws-cdk/aws-lambda" "1.85.0"
    "@aws-cdk/core" "1.85.0"
    "@aws-cdk/custom-resources" "1.85.0"
    constructs "^3.2.0"
    punycode "^2.1.1"

"@aws-cdk/aws-ec2@1.85.0":
  version "1.85.0"
  resolved "https://registry.yarnpkg.com/@aws-cdk/aws-ec2/-/aws-ec2-1.85.0.tgz#40af637c29f18df020815a8d5167dde555c6cdd5"
  integrity sha512-IHbIwsB3lFKMRT48hZBwD+5qaCkLbVTIvX83KMjvsUDAVLWdDl8UReo5P9dfE2dNdOAWf132v5Z3KbbYtU32vg==
  dependencies:
    "@aws-cdk/aws-cloudwatch" "1.85.0"
    "@aws-cdk/aws-iam" "1.85.0"
    "@aws-cdk/aws-kms" "1.85.0"
    "@aws-cdk/aws-logs" "1.85.0"
    "@aws-cdk/aws-s3" "1.85.0"
    "@aws-cdk/aws-s3-assets" "1.85.0"
    "@aws-cdk/aws-ssm" "1.85.0"
    "@aws-cdk/cloud-assembly-schema" "1.85.0"
    "@aws-cdk/core" "1.85.0"
    "@aws-cdk/cx-api" "1.85.0"
    "@aws-cdk/region-info" "1.85.0"
    constructs "^3.2.0"

"@aws-cdk/aws-ecr-assets@1.85.0":
  version "1.85.0"
  resolved "https://registry.yarnpkg.com/@aws-cdk/aws-ecr-assets/-/aws-ecr-assets-1.85.0.tgz#10327cd86b749f92d84f43d0bc2020636b461719"
  integrity sha512-xiXr+51EaPwu1gCFATO0YB73T6ImFxHVoix9nQFQ3Iqvd0ys8ZZawT63ziseccs2EQaGgoaVTc57MajOMudNyw==
  dependencies:
    "@aws-cdk/assets" "1.85.0"
    "@aws-cdk/aws-ecr" "1.85.0"
    "@aws-cdk/aws-iam" "1.85.0"
    "@aws-cdk/aws-s3" "1.85.0"
    "@aws-cdk/core" "1.85.0"
    "@aws-cdk/cx-api" "1.85.0"
    constructs "^3.2.0"
    minimatch "^3.0.4"

"@aws-cdk/aws-ecr@1.85.0":
  version "1.85.0"
  resolved "https://registry.yarnpkg.com/@aws-cdk/aws-ecr/-/aws-ecr-1.85.0.tgz#73a327aa05f479c1be80a0fe0cf6030529798bea"
  integrity sha512-ZV9NO2cElR5+VuH3SfAUBovgFACRzvyvppDP/yDhqXJ9eWwBwDlEJpmFtC5K6kc0txSOFXoO5sTAUXoO80Kj5w==
  dependencies:
    "@aws-cdk/aws-events" "1.85.0"
    "@aws-cdk/aws-iam" "1.85.0"
    "@aws-cdk/core" "1.85.0"
    constructs "^3.2.0"

"@aws-cdk/aws-efs@1.85.0":
  version "1.85.0"
  resolved "https://registry.yarnpkg.com/@aws-cdk/aws-efs/-/aws-efs-1.85.0.tgz#29e60aafb494e7b36204aab8eedf8ab57aae4ffa"
  integrity sha512-3CRlch6hA8YdPV0cAt2vpY6AELGLzxSgPmotQ99kbX13zuXk23gDUvn/oYDehZVtEHBfiBESBZIU6RvcWULFhQ==
  dependencies:
    "@aws-cdk/aws-ec2" "1.85.0"
    "@aws-cdk/aws-kms" "1.85.0"
    "@aws-cdk/cloud-assembly-schema" "1.85.0"
    "@aws-cdk/core" "1.85.0"
    "@aws-cdk/cx-api" "1.85.0"
    constructs "^3.2.0"

"@aws-cdk/aws-elasticloadbalancing@1.85.0":
  version "1.85.0"
  resolved "https://registry.yarnpkg.com/@aws-cdk/aws-elasticloadbalancing/-/aws-elasticloadbalancing-1.85.0.tgz#365f007877063c48f6aefc89877d47925266604a"
  integrity sha512-zK4TShBo//BWInuI8mH1hJ+wrRCR6duZqP8A3Qqb0iJWE+Ai8aKcJWS5FbR8d7XkYLjlR/e/TYwMQIMlrhmW/Q==
  dependencies:
    "@aws-cdk/aws-ec2" "1.85.0"
    "@aws-cdk/core" "1.85.0"
    constructs "^3.2.0"

"@aws-cdk/aws-elasticloadbalancingv2@1.85.0":
  version "1.85.0"
  resolved "https://registry.yarnpkg.com/@aws-cdk/aws-elasticloadbalancingv2/-/aws-elasticloadbalancingv2-1.85.0.tgz#4eb35b7f555dc531a0f4c9425bf337b2cf03d5f1"
  integrity sha512-yM67QZ/IVmKYfuw82TlUYi+wbRtnRRk9FmDKUXKqwurXZbiC6fRrQg5iH+N7C5XkavJAGqaQJDpNSco1gFR2EQ==
  dependencies:
    "@aws-cdk/aws-certificatemanager" "1.85.0"
    "@aws-cdk/aws-cloudwatch" "1.85.0"
    "@aws-cdk/aws-ec2" "1.85.0"
    "@aws-cdk/aws-iam" "1.85.0"
    "@aws-cdk/aws-lambda" "1.85.0"
    "@aws-cdk/aws-s3" "1.85.0"
    "@aws-cdk/cloud-assembly-schema" "1.85.0"
    "@aws-cdk/core" "1.85.0"
    "@aws-cdk/cx-api" "1.85.0"
    "@aws-cdk/region-info" "1.85.0"
    constructs "^3.2.0"

"@aws-cdk/aws-events@1.85.0":
  version "1.85.0"
  resolved "https://registry.yarnpkg.com/@aws-cdk/aws-events/-/aws-events-1.85.0.tgz#17614058df1826ec5ba0ca41256867d90862ac23"
  integrity sha512-8BCl2+9/5ArYZ4PWfaHRDnRiU3BLzCOp0nu05t4kfPt9wL75DTuNjzgQx9EjUtYxTm4WyTaUrwlDkWBo3ggyQw==
  dependencies:
    "@aws-cdk/aws-iam" "1.85.0"
    "@aws-cdk/core" "1.85.0"
    constructs "^3.2.0"

"@aws-cdk/aws-iam@1.85.0", "@aws-cdk/aws-iam@>=1.75.0 & < 2":
  version "1.85.0"
  resolved "https://registry.yarnpkg.com/@aws-cdk/aws-iam/-/aws-iam-1.85.0.tgz#d32132159605e9476840944466289768b9857470"
  integrity sha512-8ToYOfs4ATDHq96LzpSX8+HHZ8cvr3TBI4BS2an1wiNlYFeF857qV3Jwxn9pG3n6b6/vG7XpHqQQbqFdWETNzQ==
  dependencies:
    "@aws-cdk/core" "1.85.0"
    "@aws-cdk/region-info" "1.85.0"
    constructs "^3.2.0"

"@aws-cdk/aws-kms@1.85.0":
  version "1.85.0"
  resolved "https://registry.yarnpkg.com/@aws-cdk/aws-kms/-/aws-kms-1.85.0.tgz#5f1472114eb46b92d09724a03d5057c8f340bc91"
  integrity sha512-57+XamcKt9GsUPowuYNavfUj/Eg47qFCUrCPb6IbRR2MzVbhqpQDTmlBHtITnihnnvM1pUdAwQiEOtfSdwmr8w==
  dependencies:
    "@aws-cdk/aws-iam" "1.85.0"
    "@aws-cdk/core" "1.85.0"
    "@aws-cdk/cx-api" "1.85.0"
    constructs "^3.2.0"

"@aws-cdk/aws-lambda@1.85.0", "@aws-cdk/aws-lambda@>=1.75.0 & < 2":
  version "1.85.0"
  resolved "https://registry.yarnpkg.com/@aws-cdk/aws-lambda/-/aws-lambda-1.85.0.tgz#153c0c9beaef8cf16d61e2954b4f1b2057ab2ecf"
  integrity sha512-56OWAEU5ekMxU56P6MF1dKyahLB2Hri0rjdMDsVaWRxZet+gvvS3Q7rkP8Xc9AptbV55eDeiFr9gcLhTi6fnPQ==
  dependencies:
    "@aws-cdk/aws-applicationautoscaling" "1.85.0"
    "@aws-cdk/aws-cloudwatch" "1.85.0"
    "@aws-cdk/aws-codeguruprofiler" "1.85.0"
    "@aws-cdk/aws-ec2" "1.85.0"
    "@aws-cdk/aws-ecr" "1.85.0"
    "@aws-cdk/aws-ecr-assets" "1.85.0"
    "@aws-cdk/aws-efs" "1.85.0"
    "@aws-cdk/aws-events" "1.85.0"
    "@aws-cdk/aws-iam" "1.85.0"
    "@aws-cdk/aws-kms" "1.85.0"
    "@aws-cdk/aws-logs" "1.85.0"
    "@aws-cdk/aws-s3" "1.85.0"
    "@aws-cdk/aws-s3-assets" "1.85.0"
    "@aws-cdk/aws-sqs" "1.85.0"
    "@aws-cdk/core" "1.85.0"
    "@aws-cdk/cx-api" "1.85.0"
    constructs "^3.2.0"

"@aws-cdk/aws-logs@1.85.0", "@aws-cdk/aws-logs@>=1.75.0 & < 2":
  version "1.85.0"
  resolved "https://registry.yarnpkg.com/@aws-cdk/aws-logs/-/aws-logs-1.85.0.tgz#4f8f683a2007ec65720e51f20f36ea0251c818c2"
  integrity sha512-YpPS9HZGG9992n2od+KbxQOFxW3J4ckHooGshkQkkrRumetVnQnQgySnhJSsuGkQDaLQ7TbXWcAA2uWPMLt68g==
  dependencies:
    "@aws-cdk/aws-cloudwatch" "1.85.0"
    "@aws-cdk/aws-iam" "1.85.0"
    "@aws-cdk/aws-kms" "1.85.0"
    "@aws-cdk/aws-s3-assets" "1.85.0"
    "@aws-cdk/core" "1.85.0"
    constructs "^3.2.0"

"@aws-cdk/aws-route53-targets@>=1.75.0 & < 2":
  version "1.85.0"
  resolved "https://registry.yarnpkg.com/@aws-cdk/aws-route53-targets/-/aws-route53-targets-1.85.0.tgz#af2d1db341310bae9ef3c8f2cb1096a9d081a6d2"
  integrity sha512-TmMo6kReBYxTGlsi6jpEwp8mkey8Kgq7aMjNX0kxzJuCnNNwufBbU31ggKgLYR+kl2xYykYTedcg5C36+EWLVQ==
  dependencies:
    "@aws-cdk/aws-apigateway" "1.85.0"
    "@aws-cdk/aws-apigatewayv2" "1.85.0"
    "@aws-cdk/aws-cloudfront" "1.85.0"
    "@aws-cdk/aws-cognito" "1.85.0"
    "@aws-cdk/aws-ec2" "1.85.0"
    "@aws-cdk/aws-elasticloadbalancing" "1.85.0"
    "@aws-cdk/aws-elasticloadbalancingv2" "1.85.0"
    "@aws-cdk/aws-iam" "1.85.0"
    "@aws-cdk/aws-route53" "1.85.0"
    "@aws-cdk/aws-s3" "1.85.0"
    "@aws-cdk/core" "1.85.0"
    "@aws-cdk/region-info" "1.85.0"
    constructs "^3.2.0"

"@aws-cdk/aws-route53@1.85.0", "@aws-cdk/aws-route53@>=1.75.0 & < 2":
  version "1.85.0"
  resolved "https://registry.yarnpkg.com/@aws-cdk/aws-route53/-/aws-route53-1.85.0.tgz#4bac1e370c6eb1f6ac63eb216f237ce4619dd44f"
  integrity sha512-1kTzmBsYgwIXksfCAqUqeO98X6/GDGU2CsEcw1VEhRk9mBh4d1hR4o16tSfM0UePODZEo5WD2fIzEK9y1zznmQ==
  dependencies:
    "@aws-cdk/aws-ec2" "1.85.0"
    "@aws-cdk/aws-logs" "1.85.0"
    "@aws-cdk/cloud-assembly-schema" "1.85.0"
    "@aws-cdk/core" "1.85.0"
    "@aws-cdk/custom-resources" "1.85.0"
    constructs "^3.2.0"

"@aws-cdk/aws-s3-assets@1.85.0":
  version "1.85.0"
  resolved "https://registry.yarnpkg.com/@aws-cdk/aws-s3-assets/-/aws-s3-assets-1.85.0.tgz#3ec05f90f4a8387a498eda59f550b85eca005fa9"
  integrity sha512-aOrkUJffNNHpQcKuEJnXIvIa6kM26yvhcYDU6vanOuSxhDe30DVVKMm7C9oIrti4KfTOK4whuoPgAjZbR1Z+Rw==
  dependencies:
    "@aws-cdk/assets" "1.85.0"
    "@aws-cdk/aws-iam" "1.85.0"
    "@aws-cdk/aws-kms" "1.85.0"
    "@aws-cdk/aws-s3" "1.85.0"
    "@aws-cdk/core" "1.85.0"
    "@aws-cdk/cx-api" "1.85.0"
    constructs "^3.2.0"

"@aws-cdk/aws-s3-deployment@>=1.75.0 & < 2":
  version "1.85.0"
  resolved "https://registry.yarnpkg.com/@aws-cdk/aws-s3-deployment/-/aws-s3-deployment-1.85.0.tgz#6b949ca87f2f30049aff53071315c57b05e2fa78"
  integrity sha512-BRlZayZGXl/Vjsp1F93hmritYrDX4sHhdnr2nUCikXHqx3uMFmuv1AWieEyhKF718sqMpkmPh0fnakhhD4APJQ==
  dependencies:
    "@aws-cdk/aws-cloudfront" "1.85.0"
    "@aws-cdk/aws-ec2" "1.85.0"
    "@aws-cdk/aws-iam" "1.85.0"
    "@aws-cdk/aws-lambda" "1.85.0"
    "@aws-cdk/aws-s3" "1.85.0"
    "@aws-cdk/aws-s3-assets" "1.85.0"
    "@aws-cdk/core" "1.85.0"
    "@aws-cdk/lambda-layer-awscli" "1.85.0"
    constructs "^3.2.0"

"@aws-cdk/aws-s3@1.85.0", "@aws-cdk/aws-s3@>=1.75.0 & < 2":
  version "1.85.0"
  resolved "https://registry.yarnpkg.com/@aws-cdk/aws-s3/-/aws-s3-1.85.0.tgz#456a32048e7195afe1f1a549cba950176c52cd1f"
  integrity sha512-ySqTuUz0yb6EZgfbKsnWQLvkiq7j5/gD/hK/Ufcpr49NtqlGPYoGlYeSlhqIHklfRmip55d8k4TnrOsa2Nl2aA==
  dependencies:
    "@aws-cdk/aws-events" "1.85.0"
    "@aws-cdk/aws-iam" "1.85.0"
    "@aws-cdk/aws-kms" "1.85.0"
    "@aws-cdk/core" "1.85.0"
    "@aws-cdk/cx-api" "1.85.0"
    constructs "^3.2.0"

"@aws-cdk/aws-sns@1.85.0":
  version "1.85.0"
  resolved "https://registry.yarnpkg.com/@aws-cdk/aws-sns/-/aws-sns-1.85.0.tgz#9e81ac42e1d076c7e51fbbedf9d96872efa80ad3"
  integrity sha512-4PiEtcVUu8VdZbnKVIcDs/1X+XKLFgX2ylqywi6PYN3nSPjWRIyt2YIxwEIkS4eI1appel62GwXPCl2Ys2L/Cg==
  dependencies:
    "@aws-cdk/aws-cloudwatch" "1.85.0"
    "@aws-cdk/aws-events" "1.85.0"
    "@aws-cdk/aws-iam" "1.85.0"
    "@aws-cdk/aws-kms" "1.85.0"
    "@aws-cdk/aws-sqs" "1.85.0"
    "@aws-cdk/core" "1.85.0"
    constructs "^3.2.0"

"@aws-cdk/aws-sqs@1.85.0":
  version "1.85.0"
  resolved "https://registry.yarnpkg.com/@aws-cdk/aws-sqs/-/aws-sqs-1.85.0.tgz#5e73615ce3af84c665db72250b08f32425bf0b57"
  integrity sha512-u4HQSg7YThETpdxdyfQ3izCSPLSBrycsp9m3Ekfxldfj8qKexwFJclxDrEvwhkhIbje05Tm0Vh/AQd/k5X5ifA==
  dependencies:
    "@aws-cdk/aws-cloudwatch" "1.85.0"
    "@aws-cdk/aws-iam" "1.85.0"
    "@aws-cdk/aws-kms" "1.85.0"
    "@aws-cdk/core" "1.85.0"
    constructs "^3.2.0"

"@aws-cdk/aws-ssm@1.85.0":
  version "1.85.0"
  resolved "https://registry.yarnpkg.com/@aws-cdk/aws-ssm/-/aws-ssm-1.85.0.tgz#432245d8aa3a7ad11a78e11f49d412d83e594998"
  integrity sha512-cSRf41awerxxKxVMXg9C1JJ131Ke44UgcYHQw/QBQZ16i+OjVgGrv7vI6gXoLrK47Xynh98yw0E8RxNiO85a2w==
  dependencies:
    "@aws-cdk/aws-iam" "1.85.0"
    "@aws-cdk/aws-kms" "1.85.0"
    "@aws-cdk/cloud-assembly-schema" "1.85.0"
    "@aws-cdk/core" "1.85.0"
    constructs "^3.2.0"

"@aws-cdk/cfnspec@1.85.0":
  version "1.85.0"
  resolved "https://registry.yarnpkg.com/@aws-cdk/cfnspec/-/cfnspec-1.85.0.tgz#1ed696d8d48ab77f7b0d936a765c578192cd3099"
  integrity sha512-qqFk1mWVeFp+X+jlPbhmuEovfkaNe2PNSgGi/aosR/fJzJAeSHDZpwAkCSyb7c9TaMhAYVOQMgoOIQW0YHBg4g==
  dependencies:
    md5 "^2.3.0"

"@aws-cdk/cloud-assembly-schema@1.85.0":
  version "1.85.0"
  resolved "https://registry.yarnpkg.com/@aws-cdk/cloud-assembly-schema/-/cloud-assembly-schema-1.85.0.tgz#b1bc11b1233e7696b64b70495255ad19e875a0b7"
  integrity sha512-gDI1uGTy9/Cr1GvUGkKpEelMfSNccESv8ZNVNzf/2huSMF3Qu8ac549RU4iubF8ysYKuwuizGhIsJX2URDBlDA==
  dependencies:
    jsonschema "^1.4.0"
    semver "^7.3.2"

"@aws-cdk/cloudformation-diff@1.85.0":
  version "1.85.0"
  resolved "https://registry.yarnpkg.com/@aws-cdk/cloudformation-diff/-/cloudformation-diff-1.85.0.tgz#651a05f1d4fe51753bfe1a7f51be8861ac05389c"
  integrity sha512-NbRQ8Ge8sZswSehfCGbN8WM9C1PR8jfNXvb2p7hgl9TEhvDi8VY+9jlkeKYgvI18wwt6iTFR2rPo0bd/2L3W5Q==
  dependencies:
    "@aws-cdk/cfnspec" "1.85.0"
    colors "^1.4.0"
    diff "^5.0.0"
    fast-deep-equal "^3.1.3"
    string-width "^4.2.0"
    table "^6.0.7"

"@aws-cdk/core@1.85.0", "@aws-cdk/core@>=1.75.0 & < 2":
  version "1.85.0"
  resolved "https://registry.yarnpkg.com/@aws-cdk/core/-/core-1.85.0.tgz#22fe776c51ff637ce909a933fa7c2d16e6384b68"
  integrity sha512-L8fiMg4Dpe8qhV+dClBSQldLt0LBEyz7EOigL3YEi+yMxQ2dBZAeryroh609Cnn/WlzNPob795FWmvMqTbrdAw==
  dependencies:
    "@aws-cdk/cloud-assembly-schema" "1.85.0"
    "@aws-cdk/cx-api" "1.85.0"
    "@aws-cdk/region-info" "1.85.0"
    "@balena/dockerignore" "^1.0.2"
    constructs "^3.2.0"
    fs-extra "^9.0.1"
    ignore "^5.1.8"
    minimatch "^3.0.4"

"@aws-cdk/custom-resources@1.85.0":
  version "1.85.0"
  resolved "https://registry.yarnpkg.com/@aws-cdk/custom-resources/-/custom-resources-1.85.0.tgz#f38c5bebaa31c3142902713650b6d2b26bf6b46b"
  integrity sha512-O9P5r4EoFnI4BCcVMOFjDaIhNgo+rEnB1m5jGlRsPSuwpFvgbRljwODGOqjYqZN5eyR8n7O0HA0fKxJlsHCvgQ==
  dependencies:
    "@aws-cdk/aws-cloudformation" "1.85.0"
    "@aws-cdk/aws-ec2" "1.85.0"
    "@aws-cdk/aws-iam" "1.85.0"
    "@aws-cdk/aws-lambda" "1.85.0"
    "@aws-cdk/aws-logs" "1.85.0"
    "@aws-cdk/aws-sns" "1.85.0"
    "@aws-cdk/core" "1.85.0"
    constructs "^3.2.0"

"@aws-cdk/cx-api@1.85.0":
  version "1.85.0"
  resolved "https://registry.yarnpkg.com/@aws-cdk/cx-api/-/cx-api-1.85.0.tgz#b87cddd465ee5999a02bddf3e828e0da0ff52a83"
  integrity sha512-Vm0Fnci+o5AEI48/URsfWcvF6LhcRljFZ41usOqOVZuDHVGqD7E3O6nHD+TcVHvqW9Ack9cL8bXmVw7sgCvYJg==
  dependencies:
    "@aws-cdk/cloud-assembly-schema" "1.85.0"
    semver "^7.3.2"

"@aws-cdk/lambda-layer-awscli@1.85.0":
  version "1.85.0"
  resolved "https://registry.yarnpkg.com/@aws-cdk/lambda-layer-awscli/-/lambda-layer-awscli-1.85.0.tgz#260a752ba564eac7cdfd656fd22abce74d505d13"
  integrity sha512-PnzYEcCKua17Ulkvwzy7rcvqhRTftjnol0AD81bGAzNeTUAiRNgYzL/lgb5jPM4DyIfgcyveFqZaZBTSZI1o+w==
  dependencies:
    "@aws-cdk/aws-lambda" "1.85.0"
    "@aws-cdk/core" "1.85.0"
    constructs "^3.2.0"

"@aws-cdk/region-info@1.85.0":
  version "1.85.0"
  resolved "https://registry.yarnpkg.com/@aws-cdk/region-info/-/region-info-1.85.0.tgz#59d5ff0475af5ae17335d849025ffdd1c8d8b661"
  integrity sha512-7GPJOcuORLkHniFrqsoB0YiMKlDGVUPAH5ZzidLSEnQqgnf67d9ZHFqarj8GEr4ZuV/lgAavUK5T/CxEqLfLcw==

"@balena/dockerignore@^1.0.2":
  version "1.0.2"
  resolved "https://registry.yarnpkg.com/@balena/dockerignore/-/dockerignore-1.0.2.tgz#9ffe4726915251e8eb69f44ef3547e0da2c03e0d"
  integrity sha512-wMue2Sy4GAVTk6Ic4tJVcnfdau+gx2EnG7S+uAEe+TWJFqE4YoWN4/H8MSLj4eYJKxGg26lZwboEniNiNwZQ6Q==

"@types/fs-extra@^9.0.1":
  version "9.0.6"
  resolved "https://registry.yarnpkg.com/@types/fs-extra/-/fs-extra-9.0.6.tgz#488e56b77299899a608b8269719c1d133027a6ab"
  integrity sha512-ecNRHw4clCkowNOBJH1e77nvbPxHYnWIXMv1IAoG/9+MYGkgoyr3Ppxr7XYFNL41V422EDhyV4/4SSK8L2mlig==
  dependencies:
    "@types/node" "*"

"@types/node@*":
  version "14.14.21"
  resolved "https://registry.yarnpkg.com/@types/node/-/node-14.14.21.tgz#d934aacc22424fe9622ebf6857370c052eae464e"
  integrity sha512-cHYfKsnwllYhjOzuC5q1VpguABBeecUp24yFluHpn/BQaVxB1CuQ1FSRZCzrPxrkIfWISXV2LbeoBthLWg0+0A==

ajv@^7.0.2:
  version "7.0.3"
  resolved "https://registry.yarnpkg.com/ajv/-/ajv-7.0.3.tgz#13ae747eff125cafb230ac504b2406cf371eece2"
  integrity sha512-R50QRlXSxqXcQP5SvKUrw8VZeypvo12i2IX0EeR5PiZ7bEKeHWgzgo264LDadUsCU42lTJVhFikTqJwNeH34gQ==
  dependencies:
    fast-deep-equal "^3.1.1"
    json-schema-traverse "^1.0.0"
    require-from-string "^2.0.2"
    uri-js "^4.2.2"

ansi-regex@^5.0.0:
  version "5.0.0"
  resolved "https://registry.yarnpkg.com/ansi-regex/-/ansi-regex-5.0.0.tgz#388539f55179bf39339c81af30a654d69f87cb75"
  integrity sha512-bY6fj56OUQ0hU1KjFNDQuJFezqKdrAyFdIevADiqrWHwSlbmBNMHp5ak2f40Pm8JTFyM2mqxkG6ngkHO11f/lg==

ansi-styles@^4.0.0:
  version "4.3.0"
  resolved "https://registry.yarnpkg.com/ansi-styles/-/ansi-styles-4.3.0.tgz#edd803628ae71c04c85ae7a0906edad34b648937"
  integrity sha512-zbB9rCJAT1rbjiVDb2hqKFHNYLxgtk8NURxZ3IZwD3F6NtxbXZQCnnSi1Lkx+IDohdPlFp222wVALIheZJQSEg==
  dependencies:
    color-convert "^2.0.1"

astral-regex@^2.0.0:
  version "2.0.0"
  resolved "https://registry.yarnpkg.com/astral-regex/-/astral-regex-2.0.0.tgz#483143c567aeed4785759c0865786dc77d7d2e31"
  integrity sha512-Z7tMw1ytTXt5jqMcOP+OQteU1VuNK9Y02uuJtKQ1Sv69jXQKKg5cibLwGJow8yzZP+eAc18EmLGPal0bp36rvQ==

at-least-node@^1.0.0:
  version "1.0.0"
  resolved "https://registry.yarnpkg.com/at-least-node/-/at-least-node-1.0.0.tgz#602cd4b46e844ad4effc92a8011a3c46e0238dc2"
  integrity sha512-+q/t7Ekv1EDY2l6Gda6LLiX14rU9TV20Wa3ofeQmwPFZbOMo9DXrLbOjFaaclkXKWidIaopwAObQDqwWtGUjqg==

balanced-match@^1.0.0:
  version "1.0.0"
  resolved "https://registry.yarnpkg.com/balanced-match/-/balanced-match-1.0.0.tgz#89b4d199ab2bee49de164ea02b89ce462d71b767"
  integrity sha1-ibTRmasr7kneFk6gK4nORi1xt2c=

brace-expansion@^1.1.7:
  version "1.1.11"
  resolved "https://registry.yarnpkg.com/brace-expansion/-/brace-expansion-1.1.11.tgz#3c7fcbf529d87226f3d2f52b966ff5271eb441dd"
  integrity sha512-iCuPHDFgrHX7H2vEI/5xpz07zSHB00TpugqhmYtVmMO6518mCuRMoOYFldEBl0g187ufozdaHgWKcYFb61qGiA==
  dependencies:
    balanced-match "^1.0.0"
    concat-map "0.0.1"

charenc@0.0.2:
  version "0.0.2"
  resolved "https://registry.yarnpkg.com/charenc/-/charenc-0.0.2.tgz#c0a1d2f3a7092e03774bfa83f14c0fc5790a8667"
  integrity sha1-wKHS86cJLgN3S/qD8UwPxXkKhmc=

color-convert@^2.0.1:
  version "2.0.1"
  resolved "https://registry.yarnpkg.com/color-convert/-/color-convert-2.0.1.tgz#72d3a68d598c9bdb3af2ad1e84f21d896abd4de3"
  integrity sha512-RRECPsj7iu/xb5oKYcsFHSppFNnsj/52OVTRKb4zP5onXwVF3zVmmToNcOfGC+CRDpfK/U584fMg38ZHCaElKQ==
  dependencies:
    color-name "~1.1.4"

color-name@~1.1.4:
  version "1.1.4"
  resolved "https://registry.yarnpkg.com/color-name/-/color-name-1.1.4.tgz#c2a09a87acbde69543de6f63fa3995c826c536a2"
  integrity sha512-dOy+3AuW3a2wNbZHIuMZpTcgjGuLU/uBL/ubcZF9OXbDo8ff4O8yVp5Bf0efS8uEoYo5q4Fx7dY9OgQGXgAsQA==

colors@^1.4.0:
  version "1.4.0"
  resolved "https://registry.yarnpkg.com/colors/-/colors-1.4.0.tgz#c50491479d4c1bdaed2c9ced32cf7c7dc2360f78"
  integrity sha512-a+UqTh4kgZg/SlGvfbzDHpgRu7AAQOmmqRHJnxhRZICKFUT91brVhNNt58CMWU9PsBbv3PDCZUHbVxuDiH2mtA==

concat-map@0.0.1:
  version "0.0.1"
  resolved "https://registry.yarnpkg.com/concat-map/-/concat-map-0.0.1.tgz#d8a96bd77fd68df7793a73036a3ba0d5405d477b"
  integrity sha1-2Klr13/Wjfd5OnMDajug1UBdR3s=

constructs@^3.2.0:
  version "3.2.107"
  resolved "https://registry.yarnpkg.com/constructs/-/constructs-3.2.107.tgz#2508a15974e7a7ff420c45ab5628c9279caeb175"
  integrity sha512-iiXw36Q9EdOnBX5qNuGMlqh4ymSIMdQ/aeuVTWct/gF67ys/DUxoM8Oc4Rs9xw3g6RZGb/MKMyi7otLHZHGGgw==

crypt@0.0.2:
  version "0.0.2"
  resolved "https://registry.yarnpkg.com/crypt/-/crypt-0.0.2.tgz#88d7ff7ec0dfb86f713dc87bbb42d044d3e6c41b"
  integrity sha1-iNf/fsDfuG9xPch7u0LQRNPmxBs=

diff@^5.0.0:
  version "5.0.0"
  resolved "https://registry.yarnpkg.com/diff/-/diff-5.0.0.tgz#7ed6ad76d859d030787ec35855f5b1daf31d852b"
  integrity sha512-/VTCrvm5Z0JGty/BWHljh+BAiw3IK+2j87NGMu8Nwc/f48WoDAC395uomO9ZD117ZOBaHmkX1oyLvkVM/aIT3w==

emoji-regex@^8.0.0:
  version "8.0.0"
  resolved "https://registry.yarnpkg.com/emoji-regex/-/emoji-regex-8.0.0.tgz#e818fd69ce5ccfcb404594f842963bf53164cc37"
  integrity sha512-MSjYzcWNOA0ewAHpz0MxpYFvwg6yjy1NG3xteoqz644VCo/RPgnr1/GGt+ic3iJTzQ8Eu3TdM14SawnVUmGE6A==

fast-deep-equal@^3.1.1, fast-deep-equal@^3.1.3:
  version "3.1.3"
  resolved "https://registry.yarnpkg.com/fast-deep-equal/-/fast-deep-equal-3.1.3.tgz#3a7d56b559d6cbc3eb512325244e619a65c6c525"
  integrity sha512-f3qQ9oQy9j2AhBe/H9VC91wLmKBCCU/gDOnKNAYG5hswO7BLKj09Hc5HYNz9cGI++xlpDCIgDaitVs03ATR84Q==

fs-extra@^9.0.1:
  version "9.0.1"
  resolved "https://registry.yarnpkg.com/fs-extra/-/fs-extra-9.0.1.tgz#910da0062437ba4c39fedd863f1675ccfefcb9fc"
  integrity sha512-h2iAoN838FqAFJY2/qVpzFXy+EBxfVE220PalAqQLDVsFOHLJrZvut5puAbCdNv6WJk+B8ihI+k0c7JK5erwqQ==
  dependencies:
    at-least-node "^1.0.0"
    graceful-fs "^4.2.0"
    jsonfile "^6.0.1"
    universalify "^1.0.0"

graceful-fs@^4.1.6, graceful-fs@^4.2.0:
  version "4.2.4"
  resolved "https://registry.yarnpkg.com/graceful-fs/-/graceful-fs-4.2.4.tgz#2256bde14d3632958c465ebc96dc467ca07a29fb"
  integrity sha512-WjKPNJF79dtJAVniUlGGWHYGz2jWxT6VhN/4m1NdkbZ2nOsEF+cI1Edgql5zCRhs/VsQYRvrXctxktVXZUkixw==

ignore@^5.1.8:
  version "5.1.8"
  resolved "https://registry.yarnpkg.com/ignore/-/ignore-5.1.8.tgz#f150a8b50a34289b33e22f5889abd4d8016f0e57"
  integrity sha512-BMpfD7PpiETpBl/A6S498BaIJ6Y/ABT93ETbby2fP00v4EbvPBXWEoaR1UBPKs3iR53pJY7EtZk5KACI57i1Uw==

is-buffer@~1.1.6:
  version "1.1.6"
  resolved "https://registry.yarnpkg.com/is-buffer/-/is-buffer-1.1.6.tgz#efaa2ea9daa0d7ab2ea13a97b2b8ad51fefbe8be"
  integrity sha512-NcdALwpXkTm5Zvvbk7owOUSvVvBKDgKP5/ewfXEznmQFfs4ZRmanOeKBTjRVjka3QFoN6XJ+9F3USqfHqTaU5w==

is-fullwidth-code-point@^3.0.0:
  version "3.0.0"
  resolved "https://registry.yarnpkg.com/is-fullwidth-code-point/-/is-fullwidth-code-point-3.0.0.tgz#f116f8064fe90b3f7844a38997c0b75051269f1d"
  integrity sha512-zymm5+u+sCsSWyD9qNaejV3DFvhCKclKdizYaJUuHA83RLjb7nSuGnddCHGv0hk+KY7BMAlsWeK4Ueg6EV6XQg==

json-schema-traverse@^1.0.0:
  version "1.0.0"
  resolved "https://registry.yarnpkg.com/json-schema-traverse/-/json-schema-traverse-1.0.0.tgz#ae7bcb3656ab77a73ba5c49bf654f38e6b6860e2"
  integrity sha512-NM8/P9n3XjXhIZn1lLhkFaACTOURQXjWhV4BA/RnOv8xvgqtqpAX9IO4mRQxSx1Rlo4tqzeqb0sOlruaOy3dug==

jsonfile@^6.0.1:
  version "6.1.0"
  resolved "https://registry.yarnpkg.com/jsonfile/-/jsonfile-6.1.0.tgz#bc55b2634793c679ec6403094eb13698a6ec0aae"
  integrity sha512-5dgndWOriYSm5cnYaJNhalLNDKOqFwyDB/rr1E9ZsGciGvKPs8R2xYGCacuf3z6K1YKDz182fd+fY3cn3pMqXQ==
  dependencies:
    universalify "^2.0.0"
  optionalDependencies:
    graceful-fs "^4.1.6"

jsonschema@^1.4.0:
  version "1.4.0"
  resolved "https://registry.yarnpkg.com/jsonschema/-/jsonschema-1.4.0.tgz#1afa34c4bc22190d8e42271ec17ac8b3404f87b2"
  integrity sha512-/YgW6pRMr6M7C+4o8kS+B/2myEpHCrxO4PEWnqJNBFMjn7EWXqlQ4tGwL6xTHeRplwuZmcAncdvfOad1nT2yMw==

lodash@^4.17.20:
  version "4.17.20"
  resolved "https://registry.yarnpkg.com/lodash/-/lodash-4.17.20.tgz#b44a9b6297bcb698f1c51a3545a2b3b368d59c52"
  integrity sha512-PlhdFcillOINfeV7Ni6oF1TAEayyZBoZ8bcshTHqOYJYlrqzRK5hagpagky5o4HfCzzd1TRkXPMFq6cKk9rGmA==

lru-cache@^6.0.0:
  version "6.0.0"
  resolved "https://registry.yarnpkg.com/lru-cache/-/lru-cache-6.0.0.tgz#6d6fe6570ebd96aaf90fcad1dafa3b2566db3a94"
  integrity sha512-Jo6dJ04CmSjuznwJSS3pUeWmd/H0ffTlkXXgwZi+eq1UCmqQwCh+eLsYOYCwY991i2Fah4h1BEMCx4qThGbsiA==
  dependencies:
    yallist "^4.0.0"

md5@^2.3.0:
  version "2.3.0"
  resolved "https://registry.yarnpkg.com/md5/-/md5-2.3.0.tgz#c3da9a6aae3a30b46b7b0c349b87b110dc3bda4f"
  integrity sha512-T1GITYmFaKuO91vxyoQMFETst+O71VUPEU3ze5GNzDm0OWdP8v1ziTaAEPUr/3kLsY3Sftgz242A1SetQiDL7g==
  dependencies:
    charenc "0.0.2"
    crypt "0.0.2"
    is-buffer "~1.1.6"

minimatch@^3.0.4:
  version "3.0.4"
  resolved "https://registry.yarnpkg.com/minimatch/-/minimatch-3.0.4.tgz#5166e286457f03306064be5497e8dbb0c3d32083"
  integrity sha512-yJHVQEhyqPLUTgt9B83PXu6W3rx4MvvHvSUvToogpwoGDOUQ+yDrR0HRot+yOCdCO7u4hX3pWft6kWBBcqh0UA==
  dependencies:
    brace-expansion "^1.1.7"

punycode@^2.1.0, punycode@^2.1.1:
  version "2.1.1"
  resolved "https://registry.yarnpkg.com/punycode/-/punycode-2.1.1.tgz#b58b010ac40c22c5657616c8d2c2c02c7bf479ec"
  integrity sha512-XRsRjdf+j5ml+y/6GKHPZbrF/8p2Yga0JPtdqTIY2Xe5ohJPD9saDJJLPvp9+NSBprVvevdXZybnj2cv8OEd0A==

require-from-string@^2.0.2:
  version "2.0.2"
  resolved "https://registry.yarnpkg.com/require-from-string/-/require-from-string-2.0.2.tgz#89a7fdd938261267318eafe14f9c32e598c36909"
  integrity sha512-Xf0nWe6RseziFMu+Ap9biiUbmplq6S9/p+7w7YXP/JBHhrUDDUhwa+vANyubuqfZWTveU//DYVGsDG7RKL/vEw==

semver@^7.3.2:
  version "7.3.4"
  resolved "https://registry.yarnpkg.com/semver/-/semver-7.3.4.tgz#27aaa7d2e4ca76452f98d3add093a72c943edc97"
  integrity sha512-tCfb2WLjqFAtXn4KEdxIhalnRtoKFN7nAwj0B3ZXCbQloV2tq5eDbcTmT68JJD3nRJq24/XgxtQKFIpQdtvmVw==
  dependencies:
    lru-cache "^6.0.0"

slice-ansi@^4.0.0:
  version "4.0.0"
  resolved "https://registry.yarnpkg.com/slice-ansi/-/slice-ansi-4.0.0.tgz#500e8dd0fd55b05815086255b3195adf2a45fe6b"
  integrity sha512-qMCMfhY040cVHT43K9BFygqYbUPFZKHOg7K73mtTWJRb8pyP3fzf4Ixd5SzdEJQ6MRUg/WBnOLxghZtKKurENQ==
  dependencies:
    ansi-styles "^4.0.0"
    astral-regex "^2.0.0"
    is-fullwidth-code-point "^3.0.0"

string-width@^4.2.0:
  version "4.2.0"
  resolved "https://registry.yarnpkg.com/string-width/-/string-width-4.2.0.tgz#952182c46cc7b2c313d1596e623992bd163b72b5"
  integrity sha512-zUz5JD+tgqtuDjMhwIg5uFVV3dtqZ9yQJlZVfq4I01/K5Paj5UHj7VyrQOJvzawSVlKpObApbfD0Ed6yJc+1eg==
  dependencies:
    emoji-regex "^8.0.0"
    is-fullwidth-code-point "^3.0.0"
    strip-ansi "^6.0.0"

strip-ansi@^6.0.0:
  version "6.0.0"
  resolved "https://registry.yarnpkg.com/strip-ansi/-/strip-ansi-6.0.0.tgz#0b1571dd7669ccd4f3e06e14ef1eed26225ae532"
  integrity sha512-AuvKTrTfQNYNIctbR1K/YGTR1756GycPsg7b9bdV9Duqur4gv6aKqHXah67Z8ImS7WEz5QVcOtlfW2rZEugt6w==
  dependencies:
    ansi-regex "^5.0.0"

table@^6.0.7:
  version "6.0.7"
  resolved "https://registry.yarnpkg.com/table/-/table-6.0.7.tgz#e45897ffbcc1bcf9e8a87bf420f2c9e5a7a52a34"
  integrity sha512-rxZevLGTUzWna/qBLObOe16kB2RTnnbhciwgPbMMlazz1yZGVEgnZK762xyVdVznhqxrfCeBMmMkgOOaPwjH7g==
  dependencies:
    ajv "^7.0.2"
    lodash "^4.17.20"
    slice-ansi "^4.0.0"
    string-width "^4.2.0"

typescript@^3.9.6:
  version "3.9.7"
  resolved "https://registry.yarnpkg.com/typescript/-/typescript-3.9.7.tgz#98d600a5ebdc38f40cb277522f12dc800e9e25fa"
  integrity sha512-BLbiRkiBzAwsjut4x/dsibSTB6yWpwT5qWmC2OfuCg3GgVQCSgMs4vEctYPhsaGtd0AeuuHMkjZ2h2WG8MSzRw==

universalify@^1.0.0:
  version "1.0.0"
  resolved "https://registry.yarnpkg.com/universalify/-/universalify-1.0.0.tgz#b61a1da173e8435b2fe3c67d29b9adf8594bd16d"
  integrity sha512-rb6X1W158d7pRQBg5gkR8uPaSfiids68LTJQYOtEUhoJUWBdaQHsuT/EUduxXYxcrt4r5PJ4fuHW1MHT6p0qug==

universalify@^2.0.0:
  version "2.0.0"
  resolved "https://registry.yarnpkg.com/universalify/-/universalify-2.0.0.tgz#75a4984efedc4b08975c5aeb73f530d02df25717"
  integrity sha512-hAZsKq7Yy11Zu1DE0OzWjw7nnLZmJZYTDZZyEFHZdUhV8FkH5MCfoU1XMaxXovpyW5nq5scPqq0ZDP9Zyl04oQ==

uri-js@^4.2.2:
  version "4.4.1"
  resolved "https://registry.yarnpkg.com/uri-js/-/uri-js-4.4.1.tgz#9b1a52595225859e55f669d928f88c6c57f2a77e"
  integrity sha512-7rKUyy33Q1yc98pQ1DAmLtwX109F7TIfWlW1Ydo8Wl1ii1SeHieeh0HHfPeL2fMXK6z0s8ecKs9frCuLJvndBg==
  dependencies:
    punycode "^2.1.0"

yallist@^4.0.0:
  version "4.0.0"
  resolved "https://registry.yarnpkg.com/yallist/-/yallist-4.0.0.tgz#9bb92790d9c0effec63be73519e11a35019a3a72"
  integrity sha512-3wdGidZyq5PB084XLES5TpOSRA3wjXAlIWMhum2kRcv/41Sn2emQ0dycQW4uZXLejwKvg6EsvbdlVL+FYEct7A==
