{
  "name": "next-aws-cloudfront",
  "version": "1.1.0-alpha.0",
  "lockfileVersion": 1,
  "requires": true,
  "dependencies": {
    "@types/aws-lambda": {
      "version": "8.10.50",
      "resolved": "https://registry.npmjs.org/@types/aws-lambda/-/aws-lambda-8.10.50.tgz",
      "integrity": "sha512-RDzmQ5mO1f0BViKiuOudENZmoCACEa461nTRVtxhsAiEqGCgwdhCYN0aFgk42X5+ELAiqJKbv2mK0LkopYRYQg==",
      "dev": true
    }
  }
}
