{
  "name": "@sls-next/next-aws-cloudfront",
  "version": "1.3.1-alpha.1",
  "lockfileVersion": 1,
  "requires": true,
  "dependencies": {
    "@types/aws-lambda": {
      "version": "8.10.57",
      "resolved": "https://registry.npmjs.org/@types/aws-lambda/-/aws-lambda-8.10.57.tgz",
      "integrity": "sha512-LMOA9bJLerYoe2KvzHugfaLTa0jUPWrqwxq5VUZ/ZuAMKLJm6oNdCio38vw8jWEIAkPR3P6mBIwnU1DPgelAKg==",
      "dev": true
    }
  }
}
