# THIS IS AN AUTOGENERATED FILE. DO NOT EDIT THIS FILE DIRECTLY.
# yarn lockfile v1


"@types/aws-lambda@^8.10.50":
  version "8.10.57"
  resolved "https://registry.yarnpkg.com/@types/aws-lambda/-/aws-lambda-8.10.57.tgz#39ca3bbe52c5b4e27dc83c2a3b5ed434834568b9"
  integrity sha512-LMOA9bJLerYoe2KvzHugfaLTa0jUPWrqwxq5VUZ/ZuAMKLJm6oNdCio38vw8jWEIAkPR3P6mBIwnU1DPgelAKg==
