# THIS IS AN AUTOGENERATED FILE. DO NOT EDIT THIS FILE DIRECTLY.
# yarn lockfile v1


"@types/aws-lambda@^8.10.50":
  version "8.10.79"
  resolved "https://registry.npmjs.org/@types/aws-lambda/-/aws-lambda-8.10.79.tgz#c87fcc10500d0524f583b7fd7828025d8aa834fd"
  integrity sha512-YgpllvHcDrPfzyf8/a2+ScRoEtJQjAP0pSgIneWcVpfqHGmiAaS2oMO3e4y3InJMgrMyuxGPde72CBZS/X8vJA==
