# THIS IS AN AUTOGENERATED FILE. DO NOT EDIT THIS FILE DIRECTLY.
# yarn lockfile v1


"@types/aws-lambda@^8.10.50":
  version "8.10.67"
  resolved "https://registry.yarnpkg.com/@types/aws-lambda/-/aws-lambda-8.10.67.tgz#e74d1dc31ddfa5ca6cd3ca68b5bef719d0628d1c"
  integrity sha512-rQPIkP7Xs6oKR6VYdoPbKghzndzlvTJHbAGvd5PE6LXUo4PNPVP2y1dLTGgEXHapXZraTM9oBLrJFgozJom9BA==
