# THIS IS AN AUTOGENERATED FILE. DO NOT EDIT THIS FILE DIRECTLY.
# yarn lockfile v1


"@types/aws-lambda@^8.10.50":
  version "8.10.80"
  resolved "https://registry.npmjs.org/@types/aws-lambda/-/aws-lambda-8.10.80.tgz#2b9f97ff2291383ee3e22c34a60ddd526caaba13"
  integrity sha512-Vnz/FxDSjxNPAyBf+1qMDNnFhuHp/aKwp0EDdfSLj0W9UIQBXt16Rd4uZCpGnP2Dlmg5VyUCR2031ykPGQyNNQ==
